<?xml version="1.0" encoding="utf-8"?>
<Project ToolsVersion="4.0" xmlns="http://schemas.microsoft.com/developer/msbuild/2003">
  <ItemGroup>
    <Filter Include="Source Files">
      <UniqueIdentifier>{4FC737F1-C7A5-4376-A066-2A32D752A2FF}</UniqueIdentifier>
      <Extensions>cpp;c;cc;cxx;def;odl;idl;hpj;bat;asm;asmx</Extensions>
    </Filter>
    <Filter Include="Header Files">
      <UniqueIdentifier>{93995380-89BD-4b04-88EB-625FBE52EBFB}</UniqueIdentifier>
      <Extensions>h;hpp;hxx;hm;inl;inc;xsd</Extensions>
    </Filter>
    <Filter Include="Resource Files">
      <UniqueIdentifier>{67DA6AB6-F800-4c08-8B7A-83BB121AAD01}</UniqueIdentifier>
      <Extensions>rc;ico;cur;bmp;dlg;rc2;rct;bin;rgs;gif;jpg;jpeg;jpe;resx;tiff;tif;png;wav;mfcribbon-ms</Extensions>
    </Filter>
    <Filter Include="Source Files\ui">
      <UniqueIdentifier>{92e405ec-2d59-45ac-9cca-12d01e5391c3}</UniqueIdentifier>
    </Filter>
    <Filter Include="Source Files\graphics">
      <UniqueIdentifier>{55b1a5cd-4c28-4f20-a83e-eece017ee52c}</UniqueIdentifier>
    </Filter>
    <Filter Include="Source Files\text">
      <UniqueIdentifier>{b46585ae-88f5-4e59-ae42-b7e73626e5e7}</UniqueIdentifier>
    </Filter>
    <Filter Include="Source Files\gui">
      <UniqueIdentifier>{7d532d78-3e6c-4059-961a-04e7c63e794f}</UniqueIdentifier>
    </Filter>
  </ItemGroup>
  <ItemGroup>
    <None Include="ReadMe.txt" />
  </ItemGroup>
  <ItemGroup>
    <ClCompile Include="..\..\src\uitest.cpp">
      <Filter>Source Files</Filter>
    </ClCompile>
    <ClCompile Include="..\..\src\ui\Background.cpp">
      <Filter>Source Files\ui</Filter>
    </ClCompile>
    <ClCompile Include="..\..\src\ui\Box.cpp">
      <Filter>Source Files\ui</Filter>
    </ClCompile>
    <ClCompile Include="..\..\src\ui\Button.cpp">
      <Filter>Source Files\ui</Filter>
    </ClCompile>
    <ClCompile Include="..\..\src\ui\Container.cpp">
      <Filter>Source Files\ui</Filter>
    </ClCompile>
    <ClCompile Include="..\..\src\ui\Context.cpp">
      <Filter>Source Files\ui</Filter>
    </ClCompile>
    <ClCompile Include="..\..\src\ui\EventDispatcher.cpp">
      <Filter>Source Files\ui</Filter>
    </ClCompile>
    <ClCompile Include="..\..\src\ui\Grid.cpp">
      <Filter>Source Files\ui</Filter>
    </ClCompile>
    <ClCompile Include="..\..\src\ui\Image.cpp">
      <Filter>Source Files\ui</Filter>
    </ClCompile>
    <ClCompile Include="..\..\src\ui\Label.cpp">
      <Filter>Source Files\ui</Filter>
    </ClCompile>
    <ClCompile Include="..\..\src\ui\Margin.cpp">
      <Filter>Source Files\ui</Filter>
    </ClCompile>
    <ClCompile Include="..\..\src\ui\MultiLineText.cpp">
      <Filter>Source Files\ui</Filter>
    </ClCompile>
    <ClCompile Include="..\..\src\ui\Single.cpp">
      <Filter>Source Files\ui</Filter>
    </ClCompile>
    <ClCompile Include="..\..\src\ui\Skin.cpp">
      <Filter>Source Files\ui</Filter>
    </ClCompile>
    <ClCompile Include="..\..\src\ui\Slider.cpp">
      <Filter>Source Files\ui</Filter>
    </ClCompile>
    <ClCompile Include="..\..\src\ui\TextLayout.cpp">
      <Filter>Source Files\ui</Filter>
    </ClCompile>
    <ClCompile Include="..\..\src\ui\Widget.cpp">
      <Filter>Source Files\ui</Filter>
    </ClCompile>
    <ClCompile Include="..\..\src\FileSystem.cpp">
      <Filter>Source Files</Filter>
    </ClCompile>
    <ClCompile Include="..\src\FileSystemWin32.cpp">
      <Filter>Source Files</Filter>
    </ClCompile>
    <ClCompile Include="..\..\src\Color.cpp">
      <Filter>Source Files</Filter>
    </ClCompile>
    <ClCompile Include="..\..\src\graphics\Drawables.cpp">
      <Filter>Source Files\graphics</Filter>
    </ClCompile>
    <ClCompile Include="..\..\src\graphics\Frustum.cpp">
      <Filter>Source Files\graphics</Filter>
    </ClCompile>
    <ClCompile Include="..\..\src\graphics\Graphics.cpp">
      <Filter>Source Files\graphics</Filter>
    </ClCompile>
    <ClCompile Include="..\..\src\graphics\Material.cpp">
      <Filter>Source Files\graphics</Filter>
    </ClCompile>
    <ClCompile Include="..\..\src\graphics\Renderer.cpp">
      <Filter>Source Files\graphics</Filter>
    </ClCompile>
    <ClCompile Include="..\..\src\graphics\RendererGL2.cpp">
      <Filter>Source Files\graphics</Filter>
    </ClCompile>
    <ClCompile Include="..\..\src\graphics\RendererLegacy.cpp">
      <Filter>Source Files\graphics</Filter>
    </ClCompile>
    <ClCompile Include="..\..\src\graphics\Shader.cpp">
      <Filter>Source Files\graphics</Filter>
    </ClCompile>
    <ClCompile Include="..\..\src\graphics\StaticMesh.cpp">
      <Filter>Source Files\graphics</Filter>
    </ClCompile>
    <ClCompile Include="..\..\src\graphics\TextureBuilder.cpp">
      <Filter>Source Files\graphics</Filter>
    </ClCompile>
    <ClCompile Include="..\..\src\graphics\TextureGL.cpp">
      <Filter>Source Files\graphics</Filter>
    </ClCompile>
    <ClCompile Include="..\..\src\graphics\VertexArray.cpp">
      <Filter>Source Files\graphics</Filter>
    </ClCompile>
    <ClCompile Include="..\..\src\text\Font.cpp">
      <Filter>Source Files\text</Filter>
    </ClCompile>
    <ClCompile Include="..\..\src\text\TextSupport.cpp">
      <Filter>Source Files\text</Filter>
    </ClCompile>
    <ClCompile Include="..\..\src\text\TextureFont.cpp">
      <Filter>Source Files\text</Filter>
    </ClCompile>
    <ClCompile Include="..\..\src\text\VectorFont.cpp">
      <Filter>Source Files\text</Filter>
    </ClCompile>
    <ClCompile Include="..\..\src\SDLWrappers.cpp">
      <Filter>Source Files</Filter>
    </ClCompile>
    <ClCompile Include="..\..\src\gui\GuiTexturedQuad.cpp">
      <Filter>Source Files\gui</Filter>
    </ClCompile>
    <ClCompile Include="..\..\src\graphics\MaterialGL2.cpp">
      <Filter>Source Files\graphics</Filter>
    </ClCompile>
    <ClCompile Include="..\..\src\ui\DropDown.cpp">
      <Filter>Source Files\ui</Filter>
    </ClCompile>
    <ClCompile Include="..\..\src\ui\ColorBackground.cpp">
      <Filter>Source Files\ui</Filter>
    </ClCompile>
    <ClCompile Include="..\..\src\ui\List.cpp">
      <Filter>Source Files\ui</Filter>
    </ClCompile>
    <ClCompile Include="..\..\src\ui\Scroller.cpp">
      <Filter>Source Files\ui</Filter>
    </ClCompile>
    <ClCompile Include="..\..\src\ui\CheckBox.cpp">
      <Filter>Source Files\ui</Filter>
    </ClCompile>
  </ItemGroup>
  <ItemGroup>
    <ClInclude Include="..\..\src\ui\Background.h">
      <Filter>Source Files\ui</Filter>
    </ClInclude>
    <ClInclude Include="..\..\src\ui\Box.h">
      <Filter>Source Files\ui</Filter>
    </ClInclude>
    <ClInclude Include="..\..\src\ui\Button.h">
      <Filter>Source Files\ui</Filter>
    </ClInclude>
    <ClInclude Include="..\..\src\ui\CellSpec.h">
      <Filter>Source Files\ui</Filter>
    </ClInclude>
    <ClInclude Include="..\..\src\ui\Container.h">
      <Filter>Source Files\ui</Filter>
    </ClInclude>
    <ClInclude Include="..\..\src\ui\Context.h">
      <Filter>Source Files\ui</Filter>
    </ClInclude>
    <ClInclude Include="..\..\src\ui\Event.h">
      <Filter>Source Files\ui</Filter>
    </ClInclude>
    <ClInclude Include="..\..\src\ui\EventDispatcher.h">
      <Filter>Source Files\ui</Filter>
    </ClInclude>
    <ClInclude Include="..\..\src\ui\Grid.h">
      <Filter>Source Files\ui</Filter>
    </ClInclude>
    <ClInclude Include="..\..\src\ui\Image.h">
      <Filter>Source Files\ui</Filter>
    </ClInclude>
    <ClInclude Include="..\..\src\ui\Label.h">
      <Filter>Source Files\ui</Filter>
    </ClInclude>
    <ClInclude Include="..\..\src\ui\Margin.h">
      <Filter>Source Files\ui</Filter>
    </ClInclude>
    <ClInclude Include="..\..\src\ui\MultiLineText.h">
      <Filter>Source Files\ui</Filter>
    </ClInclude>
    <ClInclude Include="..\..\src\ui\Single.h">
      <Filter>Source Files\ui</Filter>
    </ClInclude>
    <ClInclude Include="..\..\src\ui\Skin.h">
      <Filter>Source Files\ui</Filter>
    </ClInclude>
    <ClInclude Include="..\..\src\ui\Slider.h">
      <Filter>Source Files\ui</Filter>
    </ClInclude>
    <ClInclude Include="..\..\src\ui\TextLayout.h">
      <Filter>Source Files\ui</Filter>
    </ClInclude>
    <ClInclude Include="..\..\src\ui\Widget.h">
      <Filter>Source Files\ui</Filter>
    </ClInclude>
    <ClInclude Include="..\..\src\FileSystem.h">
      <Filter>Source Files</Filter>
    </ClInclude>
    <ClInclude Include="..\..\src\Color.h">
      <Filter>Source Files</Filter>
    </ClInclude>
    <ClInclude Include="..\..\src\graphics\Drawables.h">
      <Filter>Source Files\graphics</Filter>
    </ClInclude>
    <ClInclude Include="..\..\src\graphics\Frustum.h">
      <Filter>Source Files\graphics</Filter>
    </ClInclude>
    <ClInclude Include="..\..\src\graphics\Graphics.h">
      <Filter>Source Files\graphics</Filter>
    </ClInclude>
    <ClInclude Include="..\..\src\graphics\Material.h">
      <Filter>Source Files\graphics</Filter>
    </ClInclude>
    <ClInclude Include="..\..\src\graphics\Renderer.h">
      <Filter>Source Files\graphics</Filter>
    </ClInclude>
    <ClInclude Include="..\..\src\graphics\RendererGL2.h">
      <Filter>Source Files\graphics</Filter>
    </ClInclude>
    <ClInclude Include="..\..\src\graphics\RendererGLBuffers.h">
      <Filter>Source Files\graphics</Filter>
    </ClInclude>
    <ClInclude Include="..\..\src\graphics\RendererLegacy.h">
      <Filter>Source Files\graphics</Filter>
    </ClInclude>
    <ClInclude Include="..\..\src\graphics\Shader.h">
      <Filter>Source Files\graphics</Filter>
    </ClInclude>
    <ClInclude Include="..\..\src\graphics\StaticMesh.h">
      <Filter>Source Files\graphics</Filter>
    </ClInclude>
    <ClInclude Include="..\..\src\graphics\Surface.h">
      <Filter>Source Files\graphics</Filter>
    </ClInclude>
    <ClInclude Include="..\..\src\graphics\Texture.h">
      <Filter>Source Files\graphics</Filter>
    </ClInclude>
    <ClInclude Include="..\..\src\graphics\TextureBuilder.h">
      <Filter>Source Files\graphics</Filter>
    </ClInclude>
    <ClInclude Include="..\..\src\graphics\TextureGL.h">
      <Filter>Source Files\graphics</Filter>
    </ClInclude>
    <ClInclude Include="..\..\src\graphics\VertexArray.h">
      <Filter>Source Files\graphics</Filter>
    </ClInclude>
    <ClInclude Include="..\..\src\text\Font.h">
      <Filter>Source Files\text</Filter>
    </ClInclude>
    <ClInclude Include="..\..\src\text\FontDescriptor.h">
      <Filter>Source Files\text</Filter>
    </ClInclude>
    <ClInclude Include="..\..\src\text\TextSupport.h">
      <Filter>Source Files\text</Filter>
    </ClInclude>
    <ClInclude Include="..\..\src\text\TextureFont.h">
      <Filter>Source Files\text</Filter>
    </ClInclude>
    <ClInclude Include="..\..\src\text\VectorFont.h">
      <Filter>Source Files\text</Filter>
    </ClInclude>
    <ClInclude Include="..\..\src\SDLWrappers.h">
      <Filter>Source Files</Filter>
    </ClInclude>
    <ClInclude Include="..\..\src\gui\GuiTexturedQuad.h">
      <Filter>Source Files\gui</Filter>
    </ClInclude>
    <ClInclude Include="..\..\src\graphics\MaterialGL2.h">
      <Filter>Source Files\graphics</Filter>
    </ClInclude>
    <ClInclude Include="..\..\src\ui\DropDown.h">
      <Filter>Source Files\ui</Filter>
    </ClInclude>
    <ClInclude Include="..\..\src\ui\ColorBackground.h">
      <Filter>Source Files\ui</Filter>
    </ClInclude>
    <ClInclude Include="..\..\src\ui\List.h">
      <Filter>Source Files\ui</Filter>
    </ClInclude>
    <ClInclude Include="..\..\src\ui\Scroller.h">
      <Filter>Source Files\ui</Filter>
    </ClInclude>
    <ClInclude Include="..\..\src\ui\CheckBox.h">
      <Filter>Source Files\ui</Filter>
    </ClInclude>
  </ItemGroup>
</Project>