<?xml version="1.0" encoding="utf-8"?>
<Project ToolsVersion="4.0" xmlns="http://schemas.microsoft.com/developer/msbuild/2003">
  <ItemGroup>
    <ClCompile Include="..\..\..\src\text\Font.cpp" />
    <ClCompile Include="..\..\..\src\text\TextSupport.cpp" />
    <ClCompile Include="..\..\..\src\text\TextureFont.cpp" />
    <ClCompile Include="..\..\..\src\text\VectorFont.cpp" />
    <ClCompile Include="..\..\..\src\win32\pch.cpp">
      <Filter>win32</Filter>
    </ClCompile>
  </ItemGroup>
  <ItemGroup>
    <ClInclude Include="..\..\..\src\text\Font.h" />
    <ClInclude Include="..\..\..\src\text\FontDescriptor.h" />
    <ClInclude Include="..\..\..\src\text\TextSupport.h" />
    <ClInclude Include="..\..\..\src\text\TextureFont.h" />
    <ClInclude Include="..\..\..\src\text\VectorFont.h" />
    <ClInclude Include="..\..\..\src\win32\pch.h">
      <Filter>win32</Filter>
    </ClInclude>
  </ItemGroup>
  <ItemGroup>
    <Filter Include="win32">
      <UniqueIdentifier>{31865541-608b-4d50-93d6-0715eb612d92}</UniqueIdentifier>
    </Filter>
  </ItemGroup>
</Project>