<?xml version="1.0" encoding="utf-8"?>
<Project ToolsVersion="4.0" xmlns="http://schemas.microsoft.com/developer/msbuild/2003">
  <ItemGroup>
    <Filter Include="src">
      <UniqueIdentifier>{408363ad-8810-4809-9acb-38c5ddc4b9db}</UniqueIdentifier>
    </Filter>
    <Filter Include="win32">
      <UniqueIdentifier>{8c51b711-ab01-4922-9660-0e4c6f59ce28}</UniqueIdentifier>
    </Filter>
    <Filter Include="win32\src">
      <UniqueIdentifier>{2f04a4de-46b7-414c-8325-3bb64b79304f}</UniqueIdentifier>
    </Filter>
    <Filter Include="src\collider">
      <UniqueIdentifier>{d0894680-33d7-4d7d-9a65-7a72c5102590}</UniqueIdentifier>
    </Filter>
    <Filter Include="src\gui">
      <UniqueIdentifier>{de900c24-ff02-4a99-a7fc-10d9ce21daf0}</UniqueIdentifier>
    </Filter>
    <Filter Include="src\graphics">
      <UniqueIdentifier>{9055f019-4a3b-416b-b0c6-58c1848f117a}</UniqueIdentifier>
    </Filter>
  </ItemGroup>
  <ItemGroup>
    <ClCompile Include="..\src\pch.cpp">
      <Filter>win32\src</Filter>
    </ClCompile>
    <ClCompile Include="..\..\src\collider\BVHTree.cpp">
      <Filter>src\collider</Filter>
    </ClCompile>
    <ClCompile Include="..\..\src\collider\CollisionSpace.cpp">
      <Filter>src\collider</Filter>
    </ClCompile>
    <ClCompile Include="..\..\src\collider\Geom.cpp">
      <Filter>src\collider</Filter>
    </ClCompile>
    <ClCompile Include="..\..\src\collider\GeomTree.cpp">
      <Filter>src\collider</Filter>
    </ClCompile>
    <ClCompile Include="..\..\src\LmrModel.cpp">
      <Filter>src</Filter>
    </ClCompile>
    <ClCompile Include="..\..\src\LuaModelViewer.cpp">
      <Filter>src</Filter>
    </ClCompile>
    <ClCompile Include="..\..\src\MyLuaMathTypes.cpp">
      <Filter>src</Filter>
    </ClCompile>
    <ClCompile Include="..\..\src\perlin.cpp">
      <Filter>src</Filter>
    </ClCompile>
    <ClCompile Include="..\..\src\utils.cpp">
      <Filter>src</Filter>
    </ClCompile>
    <ClCompile Include="..\..\src\LuaUtils.cpp">
      <Filter>src</Filter>
    </ClCompile>
    <ClCompile Include="..\..\src\TextureFont.cpp">
      <Filter>src</Filter>
    </ClCompile>
    <ClCompile Include="..\..\src\VectorFont.cpp">
      <Filter>src</Filter>
    </ClCompile>
    <ClCompile Include="..\..\src\FontConfig.cpp">
      <Filter>src</Filter>
    </ClCompile>
    <ClCompile Include="..\..\src\IniConfig.cpp">
      <Filter>src</Filter>
    </ClCompile>
    <ClCompile Include="..\..\src\gui\Gui.cpp">
      <Filter>src\gui</Filter>
    </ClCompile>
    <ClCompile Include="..\..\src\gui\GuiBox.cpp">
      <Filter>src\gui</Filter>
    </ClCompile>
    <ClCompile Include="..\..\src\gui\GuiButton.cpp">
      <Filter>src\gui</Filter>
    </ClCompile>
    <ClCompile Include="..\..\src\gui\GuiContainer.cpp">
      <Filter>src\gui</Filter>
    </ClCompile>
    <ClCompile Include="..\..\src\gui\GuiFixed.cpp">
      <Filter>src\gui</Filter>
    </ClCompile>
    <ClCompile Include="..\..\src\gui\GuiImage.cpp">
      <Filter>src\gui</Filter>
    </ClCompile>
    <ClCompile Include="..\..\src\gui\GuiImageButton.cpp">
      <Filter>src\gui</Filter>
    </ClCompile>
    <ClCompile Include="..\..\src\gui\GuiImageRadioButton.cpp">
      <Filter>src\gui</Filter>
    </ClCompile>
    <ClCompile Include="..\..\src\gui\GuiLabel.cpp">
      <Filter>src\gui</Filter>
    </ClCompile>
    <ClCompile Include="..\..\src\gui\GuiLabelSet.cpp">
      <Filter>src\gui</Filter>
    </ClCompile>
    <ClCompile Include="..\..\src\gui\GuiMeterBar.cpp">
      <Filter>src\gui</Filter>
    </ClCompile>
    <ClCompile Include="..\..\src\gui\GuiMultiStateImageButton.cpp">
      <Filter>src\gui</Filter>
    </ClCompile>
    <ClCompile Include="..\..\src\gui\GuiRadioButton.cpp">
      <Filter>src\gui</Filter>
    </ClCompile>
    <ClCompile Include="..\..\src\gui\GuiRadioGroup.cpp">
      <Filter>src\gui</Filter>
    </ClCompile>
    <ClCompile Include="..\..\src\gui\GuiRepeaterButton.cpp">
      <Filter>src\gui</Filter>
    </ClCompile>
    <ClCompile Include="..\..\src\gui\GuiScreen.cpp">
      <Filter>src\gui</Filter>
    </ClCompile>
    <ClCompile Include="..\..\src\gui\GuiTabbed.cpp">
      <Filter>src\gui</Filter>
    </ClCompile>
    <ClCompile Include="..\..\src\gui\GuiTextEntry.cpp">
      <Filter>src\gui</Filter>
    </ClCompile>
    <ClCompile Include="..\..\src\gui\GuiTextLayout.cpp">
      <Filter>src\gui</Filter>
    </ClCompile>
    <ClCompile Include="..\..\src\gui\GuiToggleButton.cpp">
      <Filter>src\gui</Filter>
    </ClCompile>
    <ClCompile Include="..\..\src\gui\GuiToolTip.cpp">
      <Filter>src\gui</Filter>
    </ClCompile>
    <ClCompile Include="..\..\src\gui\GuiVScrollBar.cpp">
      <Filter>src\gui</Filter>
    </ClCompile>
    <ClCompile Include="..\..\src\gui\GuiVScrollPortal.cpp">
      <Filter>src\gui</Filter>
    </ClCompile>
    <ClCompile Include="..\..\src\gui\GuiWidget.cpp">
      <Filter>src\gui</Filter>
    </ClCompile>
    <ClCompile Include="..\..\src\StringF.cpp">
      <Filter>src</Filter>
    </ClCompile>
    <ClCompile Include="..\..\src\Lang.cpp">
      <Filter>src</Filter>
    </ClCompile>
    <ClCompile Include="..\..\src\LuaConstants.cpp">
      <Filter>src</Filter>
    </ClCompile>
    <ClCompile Include="..\..\src\ShipType.cpp">
      <Filter>src</Filter>
    </ClCompile>
    <ClCompile Include="..\..\src\enum_table.cpp">
      <Filter>src</Filter>
    </ClCompile>
    <ClCompile Include="..\..\src\Texture.cpp">
      <Filter>src</Filter>
    </ClCompile>
    <ClCompile Include="..\..\src\TextureCache.cpp">
      <Filter>src</Filter>
    </ClCompile>
    <ClCompile Include="..\..\src\FileSystemPosix.cpp">
      <Filter>src</Filter>
    </ClCompile>
    <ClCompile Include="..\..\src\FileSystem.cpp">
      <Filter>src</Filter>
    </ClCompile>
    <ClCompile Include="..\src\FileSystemWin32.cpp">
      <Filter>win32\src</Filter>
    </ClCompile>
    <ClCompile Include="..\..\src\Font.cpp">
      <Filter>src</Filter>
    </ClCompile>
    <ClCompile Include="..\..\src\TextSupport.cpp" />
    <ClCompile Include="..\..\src\FontCache.cpp" />
    <ClCompile Include="..\..\src\Font.cpp" />
    <ClCompile Include="..\..\src\graphics\Drawables.cpp">
      <Filter>src\graphics</Filter>
    </ClCompile>
    <ClCompile Include="..\..\src\graphics\Frustum.cpp">
      <Filter>src\graphics</Filter>
    </ClCompile>
    <ClCompile Include="..\..\src\graphics\Graphics.cpp">
      <Filter>src\graphics</Filter>
    </ClCompile>
    <ClCompile Include="..\..\src\graphics\Material.cpp">
      <Filter>src\graphics</Filter>
    </ClCompile>
    <ClCompile Include="..\..\src\graphics\Renderer.cpp">
      <Filter>src\graphics</Filter>
    </ClCompile>
    <ClCompile Include="..\..\src\graphics\RendererGL2.cpp">
      <Filter>src\graphics</Filter>
    </ClCompile>
    <ClCompile Include="..\..\src\graphics\RendererLegacy.cpp">
      <Filter>src\graphics</Filter>
    </ClCompile>
    <ClCompile Include="..\..\src\graphics\RenderTarget.cpp">
      <Filter>src\graphics</Filter>
    </ClCompile>
    <ClCompile Include="..\..\src\graphics\Shader.cpp">
      <Filter>src\graphics</Filter>
    </ClCompile>
    <ClCompile Include="..\..\src\graphics\StaticMesh.cpp">
      <Filter>src\graphics</Filter>
    </ClCompile>
    <ClCompile Include="..\..\src\graphics\VertexArray.cpp">
      <Filter>src\graphics</Filter>
    </ClCompile>
  </ItemGroup>
  <ItemGroup>
    <ClInclude Include="..\src\pch.h">
      <Filter>win32\src</Filter>
    </ClInclude>
    <ClInclude Include="..\..\src\collider\BVHTree.h">
      <Filter>src\collider</Filter>
    </ClInclude>
    <ClInclude Include="..\..\src\collider\collider.h">
      <Filter>src\collider</Filter>
    </ClInclude>
    <ClInclude Include="..\..\src\collider\CollisionContact.h">
      <Filter>src\collider</Filter>
    </ClInclude>
    <ClInclude Include="..\..\src\collider\CollisionSpace.h">
      <Filter>src\collider</Filter>
    </ClInclude>
    <ClInclude Include="..\..\src\collider\Geom.h">
      <Filter>src\collider</Filter>
    </ClInclude>
    <ClInclude Include="..\..\src\collider\GeomTree.h">
      <Filter>src\collider</Filter>
    </ClInclude>
    <ClInclude Include="..\..\src\libs.h">
      <Filter>src</Filter>
    </ClInclude>
    <ClInclude Include="..\..\src\LmrModel.h">
      <Filter>src</Filter>
    </ClInclude>
    <ClInclude Include="..\..\src\matrix4x4.h">
      <Filter>src</Filter>
    </ClInclude>
    <ClInclude Include="..\..\src\MyLuaMathTypes.h">
      <Filter>src</Filter>
    </ClInclude>
    <ClInclude Include="..\..\src\perlin.h">
      <Filter>src</Filter>
    </ClInclude>
    <ClInclude Include="..\..\src\utils.h">
      <Filter>src</Filter>
    </ClInclude>
    <ClInclude Include="..\..\src\vector3.h">
      <Filter>src</Filter>
    </ClInclude>
    <ClInclude Include="..\..\src\LuaUtils.h">
      <Filter>src</Filter>
    </ClInclude>
    <ClInclude Include="..\..\src\TextureFont.h">
      <Filter>src</Filter>
    </ClInclude>
    <ClInclude Include="..\..\src\VectorFont.h">
      <Filter>src</Filter>
    </ClInclude>
    <ClInclude Include="..\..\src\FontConfig.h">
      <Filter>src</Filter>
    </ClInclude>
    <ClInclude Include="..\..\src\IniConfig.h">
      <Filter>src</Filter>
    </ClInclude>
    <ClInclude Include="..\..\src\gui\GuiWidget.h">
      <Filter>src\gui</Filter>
    </ClInclude>
    <ClInclude Include="..\..\src\gui\Gui.h">
      <Filter>src\gui</Filter>
    </ClInclude>
    <ClInclude Include="..\..\src\gui\GuiAdjustment.h">
      <Filter>src\gui</Filter>
    </ClInclude>
    <ClInclude Include="..\..\src\gui\GuiBox.h">
      <Filter>src\gui</Filter>
    </ClInclude>
    <ClInclude Include="..\..\src\gui\GuiButton.h">
      <Filter>src\gui</Filter>
    </ClInclude>
    <ClInclude Include="..\..\src\gui\GuiContainer.h">
      <Filter>src\gui</Filter>
    </ClInclude>
    <ClInclude Include="..\..\src\gui\GuiEvents.h">
      <Filter>src\gui</Filter>
    </ClInclude>
    <ClInclude Include="..\..\src\gui\GuiFixed.h">
      <Filter>src\gui</Filter>
    </ClInclude>
    <ClInclude Include="..\..\src\gui\GuiImage.h">
      <Filter>src\gui</Filter>
    </ClInclude>
    <ClInclude Include="..\..\src\gui\GuiImageButton.h">
      <Filter>src\gui</Filter>
    </ClInclude>
    <ClInclude Include="..\..\src\gui\GuiImageRadioButton.h">
      <Filter>src\gui</Filter>
    </ClInclude>
    <ClInclude Include="..\..\src\gui\GuiISelectable.h">
      <Filter>src\gui</Filter>
    </ClInclude>
    <ClInclude Include="..\..\src\gui\GuiLabel.h">
      <Filter>src\gui</Filter>
    </ClInclude>
    <ClInclude Include="..\..\src\gui\GuiLabelSet.h">
      <Filter>src\gui</Filter>
    </ClInclude>
    <ClInclude Include="..\..\src\gui\GuiMeterBar.h">
      <Filter>src\gui</Filter>
    </ClInclude>
    <ClInclude Include="..\..\src\gui\GuiMultiStateImageButton.h">
      <Filter>src\gui</Filter>
    </ClInclude>
    <ClInclude Include="..\..\src\gui\GuiRadioButton.h">
      <Filter>src\gui</Filter>
    </ClInclude>
    <ClInclude Include="..\..\src\gui\GuiRadioGroup.h">
      <Filter>src\gui</Filter>
    </ClInclude>
    <ClInclude Include="..\..\src\gui\GuiRepeaterButton.h">
      <Filter>src\gui</Filter>
    </ClInclude>
    <ClInclude Include="..\..\src\gui\GuiScreen.h">
      <Filter>src\gui</Filter>
    </ClInclude>
    <ClInclude Include="..\..\src\gui\GuiTabbed.h">
      <Filter>src\gui</Filter>
    </ClInclude>
    <ClInclude Include="..\..\src\gui\GuiTextEntry.h">
      <Filter>src\gui</Filter>
    </ClInclude>
    <ClInclude Include="..\..\src\gui\GuiTextLayout.h">
      <Filter>src\gui</Filter>
    </ClInclude>
    <ClInclude Include="..\..\src\gui\GuiToggleButton.h">
      <Filter>src\gui</Filter>
    </ClInclude>
    <ClInclude Include="..\..\src\gui\GuiToolTip.h">
      <Filter>src\gui</Filter>
    </ClInclude>
    <ClInclude Include="..\..\src\gui\GuiVScrollBar.h">
      <Filter>src\gui</Filter>
    </ClInclude>
    <ClInclude Include="..\..\src\gui\GuiVScrollPortal.h">
      <Filter>src\gui</Filter>
    </ClInclude>
    <ClInclude Include="..\..\src\StringF.h">
      <Filter>src</Filter>
    </ClInclude>
    <ClInclude Include="..\..\src\Lang.h">
      <Filter>src</Filter>
    </ClInclude>
    <ClInclude Include="..\..\src\LuaConstants.h">
      <Filter>src</Filter>
    </ClInclude>
    <ClInclude Include="..\..\src\ShipType.h">
      <Filter>src</Filter>
    </ClInclude>
    <ClInclude Include="..\..\src\enum_table.h">
      <Filter>src</Filter>
    </ClInclude>
    <ClInclude Include="..\..\src\Texture.h">
      <Filter>src</Filter>
    </ClInclude>
    <ClInclude Include="..\..\src\TextureCache.h">
      <Filter>src</Filter>
    </ClInclude>
    <ClInclude Include="..\..\src\StringRange.h">
      <Filter>src</Filter>
    </ClInclude>
    <ClInclude Include="..\..\src\ByteRange.h">
      <Filter>src</Filter>
    </ClInclude>
    <ClInclude Include="..\..\src\FileSystem.h">
      <Filter>src</Filter>
    </ClInclude>
    <ClInclude Include="..\..\src\vector2.h">
      <Filter>src</Filter>
    </ClInclude>
    <ClInclude Include="..\..\src\TextSupport.h" />
    <ClInclude Include="..\..\src\FontCache.h" />
    <ClInclude Include="..\..\src\Font.h" />
    <ClInclude Include="..\..\src\graphics\Drawables.h">
      <Filter>src\graphics</Filter>
    </ClInclude>
    <ClInclude Include="..\..\src\graphics\Frustum.h">
      <Filter>src\graphics</Filter>
    </ClInclude>
    <ClInclude Include="..\..\src\graphics\Graphics.h">
      <Filter>src\graphics</Filter>
    </ClInclude>
    <ClInclude Include="..\..\src\graphics\Material.h">
      <Filter>src\graphics</Filter>
    </ClInclude>
    <ClInclude Include="..\..\src\graphics\Renderer.h">
      <Filter>src\graphics</Filter>
    </ClInclude>
    <ClInclude Include="..\..\src\graphics\RendererGL2.h">
      <Filter>src\graphics</Filter>
    </ClInclude>
    <ClInclude Include="..\..\src\graphics\RendererGLBuffers.h">
      <Filter>src\graphics</Filter>
    </ClInclude>
    <ClInclude Include="..\..\src\graphics\RendererLegacy.h">
      <Filter>src\graphics</Filter>
    </ClInclude>
    <ClInclude Include="..\..\src\graphics\RenderTarget.h">
      <Filter>src\graphics</Filter>
    </ClInclude>
    <ClInclude Include="..\..\src\graphics\Shader.h">
      <Filter>src\graphics</Filter>
    </ClInclude>
    <ClInclude Include="..\..\src\graphics\StaticMesh.h">
      <Filter>src\graphics</Filter>
    </ClInclude>
    <ClInclude Include="..\..\src\graphics\Surface.h">
      <Filter>src\graphics</Filter>
    </ClInclude>
    <ClInclude Include="..\..\src\graphics\VertexArray.h">
      <Filter>src\graphics</Filter>
    </ClInclude>
  </ItemGroup>
</Project>
