<?xml version="1.0" encoding="utf-8"?>
<Project ToolsVersion="4.0" xmlns="http://schemas.microsoft.com/developer/msbuild/2003">
  <ItemGroup>
    <Filter Include="src">
      <UniqueIdentifier>{408363ad-8810-4809-9acb-38c5ddc4b9db}</UniqueIdentifier>
    </Filter>
    <Filter Include="src\win32">
      <UniqueIdentifier>{f2675b10-6915-4adf-a013-56d40d18140b}</UniqueIdentifier>
    </Filter>
    <Filter Include="src\posix">
      <UniqueIdentifier>{cc1a9ac4-420d-47a4-ab19-eb8890777dbb}</UniqueIdentifier>
    </Filter>
  </ItemGroup>
  <ItemGroup>
    <ClCompile Include="..\..\src\LmrModel.cpp">
      <Filter>src</Filter>
    </ClCompile>
    <ClCompile Include="..\..\src\LuaModelViewer.cpp">
      <Filter>src</Filter>
    </ClCompile>
    <ClCompile Include="..\..\src\perlin.cpp">
      <Filter>src</Filter>
    </ClCompile>
    <ClCompile Include="..\..\src\utils.cpp">
      <Filter>src</Filter>
    </ClCompile>
    <ClCompile Include="..\..\src\LuaUtils.cpp">
      <Filter>src</Filter>
    </ClCompile>
    <ClCompile Include="..\..\src\FontConfig.cpp">
      <Filter>src</Filter>
    </ClCompile>
    <ClCompile Include="..\..\src\IniConfig.cpp">
      <Filter>src</Filter>
    </ClCompile>
    <ClCompile Include="..\..\src\StringF.cpp">
      <Filter>src</Filter>
    </ClCompile>
    <ClCompile Include="..\..\src\Lang.cpp">
      <Filter>src</Filter>
    </ClCompile>
    <ClCompile Include="..\..\src\LuaConstants.cpp">
      <Filter>src</Filter>
    </ClCompile>
    <ClCompile Include="..\..\src\ShipType.cpp">
      <Filter>src</Filter>
    </ClCompile>
    <ClCompile Include="..\..\src\enum_table.cpp">
      <Filter>src</Filter>
    </ClCompile>
    <ClCompile Include="..\..\src\FileSystem.cpp">
      <Filter>src</Filter>
    </ClCompile>
    <ClCompile Include="..\..\src\Color.cpp">
      <Filter>src</Filter>
    </ClCompile>
    <ClCompile Include="..\..\src\FontCache.cpp">
      <Filter>src</Filter>
    </ClCompile>
    <ClCompile Include="..\..\src\CRC32.cpp">
      <Filter>src</Filter>
    </ClCompile>
    <ClCompile Include="..\..\src\SDLWrappers.cpp">
      <Filter>src</Filter>
    </ClCompile>
    <ClCompile Include="..\..\src\ModManager.cpp">
      <Filter>src</Filter>
    </ClCompile>
    <ClCompile Include="..\..\src\FileSourceZip.cpp">
      <Filter>src</Filter>
    </ClCompile>
    <ClCompile Include="..\..\src\LuaFixed.cpp">
      <Filter>src</Filter>
    </ClCompile>
    <ClCompile Include="..\..\src\LuaMatrix.cpp">
      <Filter>src</Filter>
    </ClCompile>
    <ClCompile Include="..\..\src\LuaVector.cpp">
      <Filter>src</Filter>
    </ClCompile>
    <ClCompile Include="..\..\src\win32\FileSystemWin32.cpp">
      <Filter>src\win32</Filter>
    </ClCompile>
    <ClCompile Include="..\..\src\win32\pch.cpp">
      <Filter>src\win32</Filter>
    </ClCompile>
    <ClCompile Include="..\..\src\posix\FileSystemPosix.cpp">
      <Filter>src\posix</Filter>
    </ClCompile>
    <ClCompile Include="..\..\src\posix\OSPosix.cpp">
      <Filter>src\posix</Filter>
    </ClCompile>
  </ItemGroup>
  <ItemGroup>
    <ClInclude Include="..\..\src\libs.h">
      <Filter>src</Filter>
    </ClInclude>
    <ClInclude Include="..\..\src\LmrModel.h">
      <Filter>src</Filter>
    </ClInclude>
    <ClInclude Include="..\..\src\matrix4x4.h">
      <Filter>src</Filter>
    </ClInclude>
    <ClInclude Include="..\..\src\perlin.h">
      <Filter>src</Filter>
    </ClInclude>
    <ClInclude Include="..\..\src\utils.h">
      <Filter>src</Filter>
    </ClInclude>
    <ClInclude Include="..\..\src\vector3.h">
      <Filter>src</Filter>
    </ClInclude>
    <ClInclude Include="..\..\src\LuaUtils.h">
      <Filter>src</Filter>
    </ClInclude>
    <ClInclude Include="..\..\src\FontConfig.h">
      <Filter>src</Filter>
    </ClInclude>
    <ClInclude Include="..\..\src\IniConfig.h">
      <Filter>src</Filter>
    </ClInclude>
    <ClInclude Include="..\..\src\StringF.h">
      <Filter>src</Filter>
    </ClInclude>
    <ClInclude Include="..\..\src\Lang.h">
      <Filter>src</Filter>
    </ClInclude>
    <ClInclude Include="..\..\src\LuaConstants.h">
      <Filter>src</Filter>
    </ClInclude>
    <ClInclude Include="..\..\src\ShipType.h">
      <Filter>src</Filter>
    </ClInclude>
    <ClInclude Include="..\..\src\enum_table.h">
      <Filter>src</Filter>
    </ClInclude>
    <ClInclude Include="..\..\src\StringRange.h">
      <Filter>src</Filter>
    </ClInclude>
    <ClInclude Include="..\..\src\ByteRange.h">
      <Filter>src</Filter>
    </ClInclude>
    <ClInclude Include="..\..\src\FileSystem.h">
      <Filter>src</Filter>
    </ClInclude>
    <ClInclude Include="..\..\src\vector2.h">
      <Filter>src</Filter>
    </ClInclude>
    <ClInclude Include="..\..\src\Color.h">
      <Filter>src</Filter>
    </ClInclude>
    <ClInclude Include="..\..\src\FontCache.h">
      <Filter>src</Filter>
    </ClInclude>
    <ClInclude Include="..\..\src\CRC32.h">
      <Filter>src</Filter>
    </ClInclude>
    <ClInclude Include="..\..\src\SDLWrappers.h">
      <Filter>src</Filter>
    </ClInclude>
    <ClInclude Include="..\..\src\ModManager.h">
      <Filter>src</Filter>
    </ClInclude>
    <ClInclude Include="..\..\src\FileSourceZip.h">
      <Filter>src</Filter>
    </ClInclude>
    <ClInclude Include="..\..\src\LuaVector.h">
      <Filter>src</Filter>
    </ClInclude>
    <ClInclude Include="..\..\src\LuaFixed.h">
      <Filter>src</Filter>
    </ClInclude>
    <ClInclude Include="..\..\src\LuaMatrix.h">
      <Filter>src</Filter>
    </ClInclude>
    <ClInclude Include="..\..\src\win32\pch.h">
      <Filter>src\win32</Filter>
    </ClInclude>
  </ItemGroup>
</Project>