<?xml version="1.0" encoding="utf-8"?>
<Project ToolsVersion="4.0" xmlns="http://schemas.microsoft.com/developer/msbuild/2003">
  <ItemGroup>
    <Filter Include="src">
      <UniqueIdentifier>{2ef8ea5b-7c53-4337-93b0-a929d9103bd6}</UniqueIdentifier>
    </Filter>
    <Filter Include="src\win32">
      <UniqueIdentifier>{172c1b95-e18a-4158-8227-10b5cc882b62}</UniqueIdentifier>
    </Filter>
    <Filter Include="src\posix">
      <UniqueIdentifier>{6d264ce7-1454-4144-a050-a665481a0a20}</UniqueIdentifier>
    </Filter>
  </ItemGroup>
  <ItemGroup>
    <ClCompile Include="..\..\src\AmbientSounds.cpp">
      <Filter>src</Filter>
    </ClCompile>
    <ClCompile Include="..\..\src\Body.cpp">
      <Filter>src</Filter>
    </ClCompile>
    <ClCompile Include="..\..\src\CargoBody.cpp">
      <Filter>src</Filter>
    </ClCompile>
    <ClCompile Include="..\..\src\CityOnPlanet.cpp">
      <Filter>src</Filter>
    </ClCompile>
    <ClCompile Include="..\..\src\CommodityTradeWidget.cpp">
      <Filter>src</Filter>
    </ClCompile>
    <ClCompile Include="..\..\src\DeadVideoLink.cpp">
      <Filter>src</Filter>
    </ClCompile>
    <ClCompile Include="..\..\src\DynamicBody.cpp">
      <Filter>src</Filter>
    </ClCompile>
    <ClCompile Include="..\..\src\EquipType.cpp">
      <Filter>src</Filter>
    </ClCompile>
    <ClCompile Include="..\..\src\FaceVideoLink.cpp">
      <Filter>src</Filter>
    </ClCompile>
    <ClCompile Include="..\..\src\FontConfig.cpp">
      <Filter>src</Filter>
    </ClCompile>
    <ClCompile Include="..\..\src\Frame.cpp">
      <Filter>src</Filter>
    </ClCompile>
    <ClCompile Include="..\..\src\GalacticView.cpp">
      <Filter>src</Filter>
    </ClCompile>
    <ClCompile Include="..\..\src\GameConfig.cpp">
      <Filter>src</Filter>
    </ClCompile>
    <ClCompile Include="..\..\src\GameMenuView.cpp">
      <Filter>src</Filter>
    </ClCompile>
    <ClCompile Include="..\..\src\GeoSphere.cpp">
      <Filter>src</Filter>
    </ClCompile>
    <ClCompile Include="..\..\src\HyperspaceCloud.cpp">
      <Filter>src</Filter>
    </ClCompile>
    <ClCompile Include="..\..\src\InfoView.cpp">
      <Filter>src</Filter>
    </ClCompile>
    <ClCompile Include="..\..\src\IniConfig.cpp">
      <Filter>src</Filter>
    </ClCompile>
    <ClCompile Include="..\..\src\KeyBindings.cpp">
      <Filter>src</Filter>
    </ClCompile>
    <ClCompile Include="..\..\src\LmrModel.cpp">
      <Filter>src</Filter>
    </ClCompile>
    <ClCompile Include="..\..\src\LuaBody.cpp">
      <Filter>src</Filter>
    </ClCompile>
    <ClCompile Include="..\..\src\LuaCargoBody.cpp">
      <Filter>src</Filter>
    </ClCompile>
    <ClCompile Include="..\..\src\LuaChatForm.cpp">
      <Filter>src</Filter>
    </ClCompile>
    <ClCompile Include="..\..\src\LuaConstants.cpp">
      <Filter>src</Filter>
    </ClCompile>
    <ClCompile Include="..\..\src\LuaEngine.cpp">
      <Filter>src</Filter>
    </ClCompile>
    <ClCompile Include="..\..\src\LuaEquipType.cpp">
      <Filter>src</Filter>
    </ClCompile>
    <ClCompile Include="..\..\src\LuaEventQueue.cpp">
      <Filter>src</Filter>
    </ClCompile>
    <ClCompile Include="..\..\src\LuaFormat.cpp">
      <Filter>src</Filter>
    </ClCompile>
    <ClCompile Include="..\..\src\LuaGame.cpp">
      <Filter>src</Filter>
    </ClCompile>
    <ClCompile Include="..\..\src\LuaManager.cpp">
      <Filter>src</Filter>
    </ClCompile>
    <ClCompile Include="..\..\src\LuaNameGen.cpp">
      <Filter>src</Filter>
    </ClCompile>
    <ClCompile Include="..\..\src\LuaObject.cpp">
      <Filter>src</Filter>
    </ClCompile>
    <ClCompile Include="..\..\src\LuaPlanet.cpp">
      <Filter>src</Filter>
    </ClCompile>
    <ClCompile Include="..\..\src\LuaPlayer.cpp">
      <Filter>src</Filter>
    </ClCompile>
    <ClCompile Include="..\..\src\LuaRand.cpp">
      <Filter>src</Filter>
    </ClCompile>
    <ClCompile Include="..\..\src\LuaSerializer.cpp">
      <Filter>src</Filter>
    </ClCompile>
    <ClCompile Include="..\..\src\LuaShip.cpp">
      <Filter>src</Filter>
    </ClCompile>
    <ClCompile Include="..\..\src\LuaShipType.cpp">
      <Filter>src</Filter>
    </ClCompile>
    <ClCompile Include="..\..\src\LuaSpace.cpp">
      <Filter>src</Filter>
    </ClCompile>
    <ClCompile Include="..\..\src\LuaSpaceStation.cpp">
      <Filter>src</Filter>
    </ClCompile>
    <ClCompile Include="..\..\src\LuaStar.cpp">
      <Filter>src</Filter>
    </ClCompile>
    <ClCompile Include="..\..\src\LuaStarSystem.cpp">
      <Filter>src</Filter>
    </ClCompile>
    <ClCompile Include="..\..\src\LuaTimer.cpp">
      <Filter>src</Filter>
    </ClCompile>
    <ClCompile Include="..\..\src\LuaUtils.cpp">
      <Filter>src</Filter>
    </ClCompile>
    <ClCompile Include="..\..\src\main.cpp">
      <Filter>src</Filter>
    </ClCompile>
    <ClCompile Include="..\..\src\MarketAgent.cpp">
      <Filter>src</Filter>
    </ClCompile>
    <ClCompile Include="..\..\src\Missile.cpp">
      <Filter>src</Filter>
    </ClCompile>
    <ClCompile Include="..\..\src\ModelBody.cpp">
      <Filter>src</Filter>
    </ClCompile>
    <ClCompile Include="..\..\src\mtrand.cpp">
      <Filter>src</Filter>
    </ClCompile>
    <ClCompile Include="..\..\src\ObjectViewerView.cpp">
      <Filter>src</Filter>
    </ClCompile>
    <ClCompile Include="..\..\src\perlin.cpp">
      <Filter>src</Filter>
    </ClCompile>
    <ClCompile Include="..\..\src\Pi.cpp">
      <Filter>src</Filter>
    </ClCompile>
    <ClCompile Include="..\..\src\Planet.cpp">
      <Filter>src</Filter>
    </ClCompile>
    <ClCompile Include="..\..\src\Player.cpp">
      <Filter>src</Filter>
    </ClCompile>
    <ClCompile Include="..\..\src\Polit.cpp">
      <Filter>src</Filter>
    </ClCompile>
    <ClCompile Include="..\..\src\Projectile.cpp">
      <Filter>src</Filter>
    </ClCompile>
    <ClCompile Include="..\..\src\SectorView.cpp">
      <Filter>src</Filter>
    </ClCompile>
    <ClCompile Include="..\..\src\Serializer.cpp">
      <Filter>src</Filter>
    </ClCompile>
    <ClCompile Include="..\..\src\Sfx.cpp">
      <Filter>src</Filter>
    </ClCompile>
    <ClCompile Include="..\..\src\Ship-AI.cpp">
      <Filter>src</Filter>
    </ClCompile>
    <ClCompile Include="..\..\src\Ship.cpp">
      <Filter>src</Filter>
    </ClCompile>
    <ClCompile Include="..\..\src\ShipAICmd.cpp">
      <Filter>src</Filter>
    </ClCompile>
    <ClCompile Include="..\..\src\ShipCpanel.cpp">
      <Filter>src</Filter>
    </ClCompile>
    <ClCompile Include="..\..\src\ShipCpanelMultiFuncDisplays.cpp">
      <Filter>src</Filter>
    </ClCompile>
    <ClCompile Include="..\..\src\ShipFlavour.cpp">
      <Filter>src</Filter>
    </ClCompile>
    <ClCompile Include="..\..\src\ShipType.cpp">
      <Filter>src</Filter>
    </ClCompile>
    <ClCompile Include="..\..\src\Sound.cpp">
      <Filter>src</Filter>
    </ClCompile>
    <ClCompile Include="..\..\src\Space.cpp">
      <Filter>src</Filter>
    </ClCompile>
    <ClCompile Include="..\..\src\SpaceStation.cpp">
      <Filter>src</Filter>
    </ClCompile>
    <ClCompile Include="..\..\src\SpaceStationView.cpp">
      <Filter>src</Filter>
    </ClCompile>
    <ClCompile Include="..\..\src\Star.cpp">
      <Filter>src</Filter>
    </ClCompile>
    <ClCompile Include="..\..\src\SystemInfoView.cpp">
      <Filter>src</Filter>
    </ClCompile>
    <ClCompile Include="..\..\src\SystemView.cpp">
      <Filter>src</Filter>
    </ClCompile>
    <ClCompile Include="..\..\src\utils.cpp">
      <Filter>src</Filter>
    </ClCompile>
    <ClCompile Include="..\..\src\WorldView.cpp">
      <Filter>src</Filter>
    </ClCompile>
    <ClCompile Include="..\..\src\Background.cpp">
      <Filter>src</Filter>
    </ClCompile>
    <ClCompile Include="..\..\src\SoundMusic.cpp">
      <Filter>src</Filter>
    </ClCompile>
    <ClCompile Include="..\..\src\LuaMusic.cpp">
      <Filter>src</Filter>
    </ClCompile>
    <ClCompile Include="..\..\src\LuaSystemPath.cpp">
      <Filter>src</Filter>
    </ClCompile>
    <ClCompile Include="..\..\src\ShipSpinnerWidget.cpp">
      <Filter>src</Filter>
    </ClCompile>
    <ClCompile Include="..\..\src\ChatForm.cpp">
      <Filter>src</Filter>
    </ClCompile>
    <ClCompile Include="..\..\src\StationAdvertForm.cpp">
      <Filter>src</Filter>
    </ClCompile>
    <ClCompile Include="..\..\src\FormController.cpp">
      <Filter>src</Filter>
    </ClCompile>
    <ClCompile Include="..\..\src\StationPoliceForm.cpp">
      <Filter>src</Filter>
    </ClCompile>
    <ClCompile Include="..\..\src\StationServicesForm.cpp">
      <Filter>src</Filter>
    </ClCompile>
    <ClCompile Include="..\..\src\StationBulletinBoardForm.cpp">
      <Filter>src</Filter>
    </ClCompile>
    <ClCompile Include="..\..\src\StationCommodityMarketForm.cpp">
      <Filter>src</Filter>
    </ClCompile>
    <ClCompile Include="..\..\src\StationShipEquipmentForm.cpp">
      <Filter>src</Filter>
    </ClCompile>
    <ClCompile Include="..\..\src\StationShipMarketForm.cpp">
      <Filter>src</Filter>
    </ClCompile>
    <ClCompile Include="..\..\src\StationShipRepairForm.cpp">
      <Filter>src</Filter>
    </ClCompile>
    <ClCompile Include="..\..\src\StationShipViewForm.cpp">
      <Filter>src</Filter>
    </ClCompile>
    <ClCompile Include="..\..\src\StationShipyardForm.cpp">
      <Filter>src</Filter>
    </ClCompile>
    <ClCompile Include="..\..\src\Lang.cpp">
      <Filter>src</Filter>
    </ClCompile>
    <ClCompile Include="..\..\src\StringF.cpp">
      <Filter>src</Filter>
    </ClCompile>
    <ClCompile Include="..\..\src\LuaConsole.cpp">
      <Filter>src</Filter>
    </ClCompile>
    <ClCompile Include="..\..\src\LuaLang.cpp">
      <Filter>src</Filter>
    </ClCompile>
    <ClCompile Include="..\..\src\TerrainBody.cpp">
      <Filter>src</Filter>
    </ClCompile>
    <ClCompile Include="..\..\src\enum_table.cpp">
      <Filter>src</Filter>
    </ClCompile>
    <ClCompile Include="..\..\src\Camera.cpp">
      <Filter>src</Filter>
    </ClCompile>
    <ClCompile Include="..\..\src\FontCache.cpp">
      <Filter>src</Filter>
    </ClCompile>
    <ClCompile Include="..\..\src\FileSystem.cpp">
      <Filter>src</Filter>
    </ClCompile>
    <ClCompile Include="..\..\src\Color.cpp">
      <Filter>src</Filter>
    </ClCompile>
    <ClCompile Include="..\..\src\FileSelectorWidget.cpp">
      <Filter>src</Filter>
    </ClCompile>
    <ClCompile Include="..\..\src\Game.cpp">
      <Filter>src</Filter>
    </ClCompile>
    <ClCompile Include="..\..\src\GameLoaderSaver.cpp">
      <Filter>src</Filter>
    </ClCompile>
    <ClCompile Include="..\..\src\MathUtil.cpp">
      <Filter>src</Filter>
    </ClCompile>
    <ClCompile Include="..\..\src\ShipController.cpp">
      <Filter>src</Filter>
    </ClCompile>
    <ClCompile Include="..\..\src\WorldViewCamera.cpp">
      <Filter>src</Filter>
    </ClCompile>
    <ClCompile Include="..\..\src\CRC32.cpp">
      <Filter>src</Filter>
    </ClCompile>
    <ClCompile Include="..\..\src\SDLWrappers.cpp">
      <Filter>src</Filter>
    </ClCompile>
    <ClCompile Include="..\..\src\View.cpp">
      <Filter>src</Filter>
    </ClCompile>
    <ClCompile Include="..\..\src\FileSourceZip.cpp">
      <Filter>src</Filter>
    </ClCompile>
    <ClCompile Include="..\..\src\ModManager.cpp">
      <Filter>src</Filter>
    </ClCompile>
    <ClCompile Include="..\..\src\LuaFixed.cpp">
      <Filter>src</Filter>
    </ClCompile>
    <ClCompile Include="..\..\src\LuaMatrix.cpp">
      <Filter>src</Filter>
    </ClCompile>
    <ClCompile Include="..\..\src\LuaVector.cpp">
      <Filter>src</Filter>
    </ClCompile>
    <ClCompile Include="..\..\src\LuaSystemBody.cpp">
      <Filter>src</Filter>
    </ClCompile>
    <ClCompile Include="..\..\src\LuaComms.cpp">
      <Filter>src</Filter>
    </ClCompile>
    <ClCompile Include="..\..\src\win32\FileSystemWin32.cpp">
      <Filter>src\win32</Filter>
    </ClCompile>
    <ClCompile Include="..\..\src\win32\pch.cpp">
      <Filter>src\win32</Filter>
    </ClCompile>
    <ClCompile Include="..\..\src\win32\OSWin32.cpp">
      <Filter>src\win32</Filter>
    </ClCompile>
    <ClCompile Include="..\..\src\posix\FileSystemPosix.cpp">
      <Filter>src\posix</Filter>
    </ClCompile>
    <ClCompile Include="..\..\src\posix\OSPosix.cpp">
      <Filter>src\posix</Filter>
    </ClCompile>
    <ClCompile Include="..\..\src\win32\WinMath.cpp">
      <Filter>src\win32</Filter>
    </ClCompile>
  </ItemGroup>
  <ItemGroup>
    <ClInclude Include="..\..\src\Aabb.h">
      <Filter>src</Filter>
    </ClInclude>
    <ClInclude Include="..\..\src\WorldView.h">
      <Filter>src</Filter>
    </ClInclude>
    <ClInclude Include="..\..\src\AmbientSounds.h">
      <Filter>src</Filter>
    </ClInclude>
    <ClInclude Include="..\..\src\BezierCurve.h">
      <Filter>src</Filter>
    </ClInclude>
    <ClInclude Include="..\..\src\Body.h">
      <Filter>src</Filter>
    </ClInclude>
    <ClInclude Include="..\..\src\BufferObject.h">
      <Filter>src</Filter>
    </ClInclude>
    <ClInclude Include="..\..\src\buildopts.h">
      <Filter>src</Filter>
    </ClInclude>
    <ClInclude Include="..\..\src\CargoBody.h">
      <Filter>src</Filter>
    </ClInclude>
    <ClInclude Include="..\..\src\CityOnPlanet.h">
      <Filter>src</Filter>
    </ClInclude>
    <ClInclude Include="..\..\src\Color.h">
      <Filter>src</Filter>
    </ClInclude>
    <ClInclude Include="..\..\src\CommodityTradeWidget.h">
      <Filter>src</Filter>
    </ClInclude>
    <ClInclude Include="..\..\src\DeadVideoLink.h">
      <Filter>src</Filter>
    </ClInclude>
    <ClInclude Include="..\..\src\DeleteEmitter.h">
      <Filter>src</Filter>
    </ClInclude>
    <ClInclude Include="..\..\src\DynamicBody.h">
      <Filter>src</Filter>
    </ClInclude>
    <ClInclude Include="..\..\src\EquipType.h">
      <Filter>src</Filter>
    </ClInclude>
    <ClInclude Include="..\..\src\FaceVideoLink.h">
      <Filter>src</Filter>
    </ClInclude>
    <ClInclude Include="..\..\src\fixed.h">
      <Filter>src</Filter>
    </ClInclude>
    <ClInclude Include="..\..\src\FontConfig.h">
      <Filter>src</Filter>
    </ClInclude>
    <ClInclude Include="..\..\src\Frame.h">
      <Filter>src</Filter>
    </ClInclude>
    <ClInclude Include="..\..\src\GalacticView.h">
      <Filter>src</Filter>
    </ClInclude>
    <ClInclude Include="..\..\src\GameConfig.h">
      <Filter>src</Filter>
    </ClInclude>
    <ClInclude Include="..\..\src\gameconsts.h">
      <Filter>src</Filter>
    </ClInclude>
    <ClInclude Include="..\..\src\GameMenuView.h">
      <Filter>src</Filter>
    </ClInclude>
    <ClInclude Include="..\..\src\GeoSphere.h">
      <Filter>src</Filter>
    </ClInclude>
    <ClInclude Include="..\..\src\HyperspaceCloud.h">
      <Filter>src</Filter>
    </ClInclude>
    <ClInclude Include="..\..\src\InfoView.h">
      <Filter>src</Filter>
    </ClInclude>
    <ClInclude Include="..\..\src\IniConfig.h">
      <Filter>src</Filter>
    </ClInclude>
    <ClInclude Include="..\..\src\KeyBindings.h">
      <Filter>src</Filter>
    </ClInclude>
    <ClInclude Include="..\..\src\libs.h">
      <Filter>src</Filter>
    </ClInclude>
    <ClInclude Include="..\..\src\LmrModel.h">
      <Filter>src</Filter>
    </ClInclude>
    <ClInclude Include="..\..\src\LuaBody.h">
      <Filter>src</Filter>
    </ClInclude>
    <ClInclude Include="..\..\src\LuaCargoBody.h">
      <Filter>src</Filter>
    </ClInclude>
    <ClInclude Include="..\..\src\LuaChatForm.h">
      <Filter>src</Filter>
    </ClInclude>
    <ClInclude Include="..\..\src\LuaConstants.h">
      <Filter>src</Filter>
    </ClInclude>
    <ClInclude Include="..\..\src\LuaEngine.h">
      <Filter>src</Filter>
    </ClInclude>
    <ClInclude Include="..\..\src\LuaEquipType.h">
      <Filter>src</Filter>
    </ClInclude>
    <ClInclude Include="..\..\src\LuaEventQueue.h">
      <Filter>src</Filter>
    </ClInclude>
    <ClInclude Include="..\..\src\LuaFormat.h">
      <Filter>src</Filter>
    </ClInclude>
    <ClInclude Include="..\..\src\LuaGame.h">
      <Filter>src</Filter>
    </ClInclude>
    <ClInclude Include="..\..\src\LuaManager.h">
      <Filter>src</Filter>
    </ClInclude>
    <ClInclude Include="..\..\src\LuaNameGen.h">
      <Filter>src</Filter>
    </ClInclude>
    <ClInclude Include="..\..\src\LuaObject.h">
      <Filter>src</Filter>
    </ClInclude>
    <ClInclude Include="..\..\src\LuaPlanet.h">
      <Filter>src</Filter>
    </ClInclude>
    <ClInclude Include="..\..\src\LuaPlayer.h">
      <Filter>src</Filter>
    </ClInclude>
    <ClInclude Include="..\..\src\LuaRand.h">
      <Filter>src</Filter>
    </ClInclude>
    <ClInclude Include="..\..\src\LuaSerializer.h">
      <Filter>src</Filter>
    </ClInclude>
    <ClInclude Include="..\..\src\LuaShip.h">
      <Filter>src</Filter>
    </ClInclude>
    <ClInclude Include="..\..\src\LuaShipType.h">
      <Filter>src</Filter>
    </ClInclude>
    <ClInclude Include="..\..\src\LuaSpace.h">
      <Filter>src</Filter>
    </ClInclude>
    <ClInclude Include="..\..\src\LuaSpaceStation.h">
      <Filter>src</Filter>
    </ClInclude>
    <ClInclude Include="..\..\src\LuaStar.h">
      <Filter>src</Filter>
    </ClInclude>
    <ClInclude Include="..\..\src\LuaStarSystem.h">
      <Filter>src</Filter>
    </ClInclude>
    <ClInclude Include="..\..\src\LuaTimer.h">
      <Filter>src</Filter>
    </ClInclude>
    <ClInclude Include="..\..\src\LuaUtils.h">
      <Filter>src</Filter>
    </ClInclude>
    <ClInclude Include="..\..\src\MarketAgent.h">
      <Filter>src</Filter>
    </ClInclude>
    <ClInclude Include="..\..\src\matrix4x4.h">
      <Filter>src</Filter>
    </ClInclude>
    <ClInclude Include="..\..\src\Missile.h">
      <Filter>src</Filter>
    </ClInclude>
    <ClInclude Include="..\..\src\ModelBody.h">
      <Filter>src</Filter>
    </ClInclude>
    <ClInclude Include="..\..\src\mtrand.h">
      <Filter>src</Filter>
    </ClInclude>
    <ClInclude Include="..\..\src\Object.h">
      <Filter>src</Filter>
    </ClInclude>
    <ClInclude Include="..\..\src\ObjectViewerView.h">
      <Filter>src</Filter>
    </ClInclude>
    <ClInclude Include="..\..\src\perlin.h">
      <Filter>src</Filter>
    </ClInclude>
    <ClInclude Include="..\..\src\PersistSystemData.h">
      <Filter>src</Filter>
    </ClInclude>
    <ClInclude Include="..\..\src\Pi.h">
      <Filter>src</Filter>
    </ClInclude>
    <ClInclude Include="..\..\src\Planet.h">
      <Filter>src</Filter>
    </ClInclude>
    <ClInclude Include="..\..\src\Player.h">
      <Filter>src</Filter>
    </ClInclude>
    <ClInclude Include="..\..\src\Polit.h">
      <Filter>src</Filter>
    </ClInclude>
    <ClInclude Include="..\..\src\Projectile.h">
      <Filter>src</Filter>
    </ClInclude>
    <ClInclude Include="..\..\src\Quaternion.h">
      <Filter>src</Filter>
    </ClInclude>
    <ClInclude Include="..\..\src\RefCounted.h">
      <Filter>src</Filter>
    </ClInclude>
    <ClInclude Include="..\..\src\RefList.h">
      <Filter>src</Filter>
    </ClInclude>
    <ClInclude Include="..\..\src\SectorView.h">
      <Filter>src</Filter>
    </ClInclude>
    <ClInclude Include="..\..\src\Serializer.h">
      <Filter>src</Filter>
    </ClInclude>
    <ClInclude Include="..\..\src\Sfx.h">
      <Filter>src</Filter>
    </ClInclude>
    <ClInclude Include="..\..\src\Ship.h">
      <Filter>src</Filter>
    </ClInclude>
    <ClInclude Include="..\..\src\ShipAICmd.h">
      <Filter>src</Filter>
    </ClInclude>
    <ClInclude Include="..\..\src\ShipCpanel.h">
      <Filter>src</Filter>
    </ClInclude>
    <ClInclude Include="..\..\src\ShipCpanelMultiFuncDisplays.h">
      <Filter>src</Filter>
    </ClInclude>
    <ClInclude Include="..\..\src\ShipFlavour.h">
      <Filter>src</Filter>
    </ClInclude>
    <ClInclude Include="..\..\src\ShipType.h">
      <Filter>src</Filter>
    </ClInclude>
    <ClInclude Include="..\..\src\Sound.h">
      <Filter>src</Filter>
    </ClInclude>
    <ClInclude Include="..\..\src\Space.h">
      <Filter>src</Filter>
    </ClInclude>
    <ClInclude Include="..\..\src\SpaceStation.h">
      <Filter>src</Filter>
    </ClInclude>
    <ClInclude Include="..\..\src\SpaceStationView.h">
      <Filter>src</Filter>
    </ClInclude>
    <ClInclude Include="..\..\src\Star.h">
      <Filter>src</Filter>
    </ClInclude>
    <ClInclude Include="..\..\src\SystemInfoView.h">
      <Filter>src</Filter>
    </ClInclude>
    <ClInclude Include="..\..\src\SystemView.h">
      <Filter>src</Filter>
    </ClInclude>
    <ClInclude Include="..\..\src\utils.h">
      <Filter>src</Filter>
    </ClInclude>
    <ClInclude Include="..\..\src\vector3.h">
      <Filter>src</Filter>
    </ClInclude>
    <ClInclude Include="..\..\src\VideoLink.h">
      <Filter>src</Filter>
    </ClInclude>
    <ClInclude Include="..\..\src\View.h">
      <Filter>src</Filter>
    </ClInclude>
    <ClInclude Include="..\..\src\Background.h">
      <Filter>src</Filter>
    </ClInclude>
    <ClInclude Include="..\..\src\SoundMusic.h">
      <Filter>src</Filter>
    </ClInclude>
    <ClInclude Include="..\..\src\LuaMusic.h">
      <Filter>src</Filter>
    </ClInclude>
    <ClInclude Include="..\..\src\LuaSystemPath.h">
      <Filter>src</Filter>
    </ClInclude>
    <ClInclude Include="..\..\src\ShipSpinnerWidget.h">
      <Filter>src</Filter>
    </ClInclude>
    <ClInclude Include="..\..\src\ChatForm.h">
      <Filter>src</Filter>
    </ClInclude>
    <ClInclude Include="..\..\src\StationAdvertForm.h">
      <Filter>src</Filter>
    </ClInclude>
    <ClInclude Include="..\..\src\FormController.h">
      <Filter>src</Filter>
    </ClInclude>
    <ClInclude Include="..\..\src\StationPoliceForm.h">
      <Filter>src</Filter>
    </ClInclude>
    <ClInclude Include="..\..\src\StationServicesForm.h">
      <Filter>src</Filter>
    </ClInclude>
    <ClInclude Include="..\..\src\StationBulletinBoardForm.h">
      <Filter>src</Filter>
    </ClInclude>
    <ClInclude Include="..\..\src\StationCommodityMarketForm.h">
      <Filter>src</Filter>
    </ClInclude>
    <ClInclude Include="..\..\src\StationShipEquipmentForm.h">
      <Filter>src</Filter>
    </ClInclude>
    <ClInclude Include="..\..\src\StationShipMarketForm.h">
      <Filter>src</Filter>
    </ClInclude>
    <ClInclude Include="..\..\src\StationShipRepairForm.h">
      <Filter>src</Filter>
    </ClInclude>
    <ClInclude Include="..\..\src\StationShipViewForm.h">
      <Filter>src</Filter>
    </ClInclude>
    <ClInclude Include="..\..\src\StationShipyardForm.h">
      <Filter>src</Filter>
    </ClInclude>
    <ClInclude Include="..\..\src\LuaConsole.h">
      <Filter>src</Filter>
    </ClInclude>
    <ClInclude Include="..\..\src\StringF.h">
      <Filter>src</Filter>
    </ClInclude>
    <ClInclude Include="..\..\src\LuaLang.h">
      <Filter>src</Filter>
    </ClInclude>
    <ClInclude Include="..\..\src\TerrainBody.h">
      <Filter>src</Filter>
    </ClInclude>
    <ClInclude Include="..\..\src\enum_table.h">
      <Filter>src</Filter>
    </ClInclude>
    <ClInclude Include="..\..\src\Camera.h">
      <Filter>src</Filter>
    </ClInclude>
    <ClInclude Include="..\..\src\SmartPtr.h">
      <Filter>src</Filter>
    </ClInclude>
    <ClInclude Include="..\..\src\vector2.h">
      <Filter>src</Filter>
    </ClInclude>
    <ClInclude Include="..\..\src\FontCache.h">
      <Filter>src</Filter>
    </ClInclude>
    <ClInclude Include="..\..\src\ByteRange.h">
      <Filter>src</Filter>
    </ClInclude>
    <ClInclude Include="..\..\src\StringRange.h">
      <Filter>src</Filter>
    </ClInclude>
    <ClInclude Include="..\..\src\FileSystem.h">
      <Filter>src</Filter>
    </ClInclude>
    <ClInclude Include="..\..\src\MathUtil.h">
      <Filter>src</Filter>
    </ClInclude>
    <ClInclude Include="..\..\src\FileSelectorWidget.h">
      <Filter>src</Filter>
    </ClInclude>
    <ClInclude Include="..\..\src\Game.h">
      <Filter>src</Filter>
    </ClInclude>
    <ClInclude Include="..\..\src\GameLoaderSaver.h">
      <Filter>src</Filter>
    </ClInclude>
    <ClInclude Include="..\..\src\ShipController.h">
      <Filter>src</Filter>
    </ClInclude>
    <ClInclude Include="..\..\src\WorldViewCamera.h">
      <Filter>src</Filter>
    </ClInclude>
    <ClInclude Include="..\..\src\CRC32.h">
      <Filter>src</Filter>
    </ClInclude>
    <ClInclude Include="..\..\src\SDLWrappers.h">
      <Filter>src</Filter>
    </ClInclude>
    <ClInclude Include="..\..\src\FileSourceZip.h">
      <Filter>src</Filter>
    </ClInclude>
    <ClInclude Include="..\..\src\ModManager.h">
      <Filter>src</Filter>
    </ClInclude>
    <ClInclude Include="..\..\src\LuaVector.h">
      <Filter>src</Filter>
    </ClInclude>
    <ClInclude Include="..\..\src\LuaFixed.h">
      <Filter>src</Filter>
    </ClInclude>
    <ClInclude Include="..\..\src\LuaMatrix.h">
      <Filter>src</Filter>
    </ClInclude>
    <ClInclude Include="..\..\src\LuaSystemBody.h">
      <Filter>src</Filter>
    </ClInclude>
    <ClInclude Include="..\..\src\LuaComms.h">
      <Filter>src</Filter>
    </ClInclude>
    <ClInclude Include="..\..\src\win32\pch.h">
      <Filter>src\win32</Filter>
    </ClInclude>
    <ClInclude Include="..\..\src\OS.h">
      <Filter>src</Filter>
    </ClInclude>
    <ClInclude Include="..\..\src\win32\TextUtils.h">
      <Filter>src\win32</Filter>
    </ClInclude>
    <ClInclude Include="..\..\src\win32\WinMath.h">
      <Filter>src\win32</Filter>
    </ClInclude>
  </ItemGroup>
  <ItemGroup>
    <None Include="..\..\src\Makefile.am">
      <Filter>src</Filter>
    </None>
  </ItemGroup>
</Project>