<?xml version="1.0" encoding="utf-8"?>
<Project ToolsVersion="4.0" xmlns="http://schemas.microsoft.com/developer/msbuild/2003">
  <ItemGroup>
    <ClCompile Include="..\..\..\src\terrain\Terrain.cpp" />
    <ClCompile Include="..\..\..\src\terrain\TerrainColorAsteroid.cpp" />
    <ClCompile Include="..\..\..\src\terrain\TerrainColorBandedRock.cpp" />
    <ClCompile Include="..\..\..\src\terrain\TerrainColorDeadWithWater.cpp" />
    <ClCompile Include="..\..\..\src\terrain\TerrainColorDesert.cpp" />
    <ClCompile Include="..\..\..\src\terrain\TerrainColorEarthLike.cpp" />
    <ClCompile Include="..\..\..\src\terrain\TerrainColorGGJupiter.cpp" />
    <ClCompile Include="..\..\..\src\terrain\TerrainColorGGNeptune.cpp" />
    <ClCompile Include="..\..\..\src\terrain\TerrainColorGGNeptune2.cpp" />
    <ClCompile Include="..\..\..\src\terrain\TerrainColorGGSaturn.cpp" />
    <ClCompile Include="..\..\..\src\terrain\TerrainColorGGSaturn2.cpp" />
    <ClCompile Include="..\..\..\src\terrain\TerrainColorGGUranus.cpp" />
    <ClCompile Include="..\..\..\src\terrain\TerrainColorIce.cpp" />
    <ClCompile Include="..\..\..\src\terrain\TerrainColorMethane.cpp" />
    <ClCompile Include="..\..\..\src\terrain\TerrainColorRock.cpp" />
    <ClCompile Include="..\..\..\src\terrain\TerrainColorRock2.cpp" />
    <ClCompile Include="..\..\..\src\terrain\TerrainColorSolid.cpp" />
    <ClCompile Include="..\..\..\src\terrain\TerrainColorStarBrownDwarf.cpp" />
    <ClCompile Include="..\..\..\src\terrain\TerrainColorStarG.cpp" />
    <ClCompile Include="..\..\..\src\terrain\TerrainColorStarK.cpp" />
    <ClCompile Include="..\..\..\src\terrain\TerrainColorStarM.cpp" />
    <ClCompile Include="..\..\..\src\terrain\TerrainColorStarWhiteDwarf.cpp" />
    <ClCompile Include="..\..\..\src\terrain\TerrainColorTFGood.cpp" />
    <ClCompile Include="..\..\..\src\terrain\TerrainColorTFPoor.cpp" />
    <ClCompile Include="..\..\..\src\terrain\TerrainColorVolcanic.cpp" />
    <ClCompile Include="..\..\..\src\terrain\TerrainFeature.cpp" />
    <ClCompile Include="..\..\..\src\terrain\TerrainHeightAsteroid.cpp" />
    <ClCompile Include="..\..\..\src\terrain\TerrainHeightFlat.cpp" />
    <ClCompile Include="..\..\..\src\terrain\TerrainHeightHillsCraters.cpp" />
    <ClCompile Include="..\..\..\src\terrain\TerrainHeightHillsCraters2.cpp" />
    <ClCompile Include="..\..\..\src\terrain\TerrainHeightHillsDunes.cpp" />
    <ClCompile Include="..\..\..\src\terrain\TerrainHeightHillsNormal.cpp" />
    <ClCompile Include="..\..\..\src\terrain\TerrainHeightHillsRidged.cpp" />
    <ClCompile Include="..\..\..\src\terrain\TerrainHeightHillsRivers.cpp" />
    <ClCompile Include="..\..\..\src\terrain\TerrainHeightMapped.cpp" />
    <ClCompile Include="..\..\..\src\terrain\TerrainHeightMapped2.cpp" />
    <ClCompile Include="..\..\..\src\terrain\TerrainHeightMountainsCraters.cpp" />
    <ClCompile Include="..\..\..\src\terrain\TerrainHeightMountainsCraters2.cpp" />
    <ClCompile Include="..\..\..\src\terrain\TerrainHeightMountainsNormal.cpp" />
    <ClCompile Include="..\..\..\src\terrain\TerrainHeightMountainsRidged.cpp" />
    <ClCompile Include="..\..\..\src\terrain\TerrainHeightMountainsRivers.cpp" />
    <ClCompile Include="..\..\..\src\terrain\TerrainHeightMountainsRiversVolcano.cpp" />
    <ClCompile Include="..\..\..\src\terrain\TerrainHeightMountainsVolcano.cpp" />
    <ClCompile Include="..\..\..\src\terrain\TerrainHeightRuggedDesert.cpp" />
    <ClCompile Include="..\..\..\src\terrain\TerrainHeightRuggedLava.cpp" />
    <ClCompile Include="..\..\..\src\terrain\TerrainHeightWaterSolid.cpp" />
    <ClCompile Include="..\..\..\src\terrain\TerrainHeightWaterSolidCanyons.cpp" />
    <ClCompile Include="..\..\..\src\win32\pch.cpp">
      <Filter>win32</Filter>
    </ClCompile>
  </ItemGroup>
  <ItemGroup>
    <ClInclude Include="..\..\..\src\terrain\Terrain.h" />
    <ClInclude Include="..\..\..\src\terrain\TerrainFeature.h" />
    <ClInclude Include="..\..\..\src\terrain\TerrainNoise.h" />
    <ClInclude Include="..\..\..\src\win32\pch.h">
      <Filter>win32</Filter>
    </ClInclude>
  </ItemGroup>
  <ItemGroup>
    <Filter Include="win32">
      <UniqueIdentifier>{7234c808-e759-47f8-a3a7-8476c5fac25e}</UniqueIdentifier>
    </Filter>
  </ItemGroup>
</Project>