<?xml version="1.0" encoding="utf-8"?>
<Project ToolsVersion="4.0" xmlns="http://schemas.microsoft.com/developer/msbuild/2003">
  <ItemGroup>
    <ClCompile Include="..\..\..\src\galaxy\CustomSystem.cpp" />
    <ClCompile Include="..\..\..\src\galaxy\Galaxy.cpp" />
    <ClCompile Include="..\..\..\src\galaxy\Sector.cpp" />
    <ClCompile Include="..\..\..\src\galaxy\StarSystem.cpp" />
    <ClCompile Include="..\..\..\src\galaxy\SystemPath.cpp" />
    <ClCompile Include="..\..\..\src\win32\pch.cpp">
      <Filter>win32</Filter>
    </ClCompile>
  </ItemGroup>
  <ItemGroup>
    <ClInclude Include="..\..\..\src\galaxy\CustomSystem.h" />
    <ClInclude Include="..\..\..\src\galaxy\Galaxy.h" />
    <ClInclude Include="..\..\..\src\galaxy\Sector.h" />
    <ClInclude Include="..\..\..\src\galaxy\StarSystem.h" />
    <ClInclude Include="..\..\..\src\galaxy\SystemPath.h" />
    <ClInclude Include="..\..\..\src\win32\pch.h">
      <Filter>win32</Filter>
    </ClInclude>
  </ItemGroup>
  <ItemGroup>
    <Filter Include="win32">
      <UniqueIdentifier>{dab15d4a-ed90-465d-842a-e7d0211d7228}</UniqueIdentifier>
    </Filter>
  </ItemGroup>
</Project>