<?xml version="1.0" encoding="utf-8"?>
<Project ToolsVersion="4.0" xmlns="http://schemas.microsoft.com/developer/msbuild/2003">
  <ItemGroup>
    <Filter Include="win32">
      <UniqueIdentifier>{915f6b6d-deb3-4535-85a8-599ae3868a42}</UniqueIdentifier>
    </Filter>
  </ItemGroup>
  <ItemGroup>
    <ClCompile Include="..\..\..\src\scenegraph\Thruster.cpp" />
    <ClCompile Include="..\..\..\src\scenegraph\StaticGeometry.cpp" />
    <ClCompile Include="..\..\..\src\scenegraph\Parser.cpp" />
    <ClCompile Include="..\..\..\src\scenegraph\NodeVisitor.cpp" />
    <ClCompile Include="..\..\..\src\scenegraph\Node.cpp" />
    <ClCompile Include="..\..\..\src\scenegraph\ModelNode.cpp" />
    <ClCompile Include="..\..\..\src\scenegraph\MatrixTransform.cpp" />
    <ClCompile Include="..\..\..\src\scenegraph\LOD.cpp" />
    <ClCompile Include="..\..\..\src\scenegraph\Loader.cpp" />
    <ClCompile Include="..\..\..\src\scenegraph\Label3D.cpp" />
    <ClCompile Include="..\..\..\src\scenegraph\Group.cpp" />
    <ClCompile Include="..\..\..\src\scenegraph\ColorMap.cpp" />
    <ClCompile Include="..\..\..\src\scenegraph\CollisionVisitor.cpp" />
    <ClCompile Include="..\..\..\src\scenegraph\Billboard.cpp" />
    <ClCompile Include="..\..\..\src\scenegraph\Animation.cpp" />
    <ClCompile Include="..\..\..\src\scenegraph\DumpVisitor.cpp" />
    <ClCompile Include="..\..\..\src\win32\pch.cpp">
      <Filter>win32</Filter>
    </ClCompile>
    <ClCompile Include="..\..\..\src\scenegraph\Pattern.cpp" />
    <ClCompile Include="..\..\..\src\scenegraph\FindNodeVisitor.cpp" />
    <ClCompile Include="..\..\..\src\scenegraph\Model.cpp" />
    <ClCompile Include="..\..\..\src\scenegraph\CollisionGeometry.cpp" />
    <ClCompile Include="..\..\..\src\scenegraph\Lua.cpp" />
    <ClCompile Include="..\..\..\src\scenegraph\LuaModelSkin.cpp" />
    <ClCompile Include="..\..\..\src\scenegraph\ModelSkin.cpp" />
    <ClCompile Include="..\..\..\src\scenegraph\LuaModel.cpp" />
    <ClCompile Include="..\..\..\src\scenegraph\BinaryConverter.cpp" />
    <ClCompile Include="..\..\..\src\scenegraph\BaseLoader.cpp" />
  </ItemGroup>
  <ItemGroup>
    <ClInclude Include="..\..\..\src\scenegraph\Thruster.h" />
    <ClInclude Include="..\..\..\src\scenegraph\StaticGeometry.h" />
    <ClInclude Include="..\..\..\src\scenegraph\Parser.h" />
    <ClInclude Include="..\..\..\src\scenegraph\NodeVisitor.h" />
    <ClInclude Include="..\..\..\src\scenegraph\Node.h" />
    <ClInclude Include="..\..\..\src\scenegraph\SceneGraph.h" />
    <ClInclude Include="..\..\..\src\scenegraph\ModelNode.h" />
    <ClInclude Include="..\..\..\src\scenegraph\MatrixTransform.h" />
    <ClInclude Include="..\..\..\src\scenegraph\LOD.h" />
    <ClInclude Include="..\..\..\src\scenegraph\Loader.h" />
    <ClInclude Include="..\..\..\src\scenegraph\Label3D.h" />
    <ClInclude Include="..\..\..\src\scenegraph\Group.h" />
    <ClInclude Include="..\..\..\src\scenegraph\ColorMap.h" />
    <ClInclude Include="..\..\..\src\scenegraph\CollisionVisitor.h" />
    <ClInclude Include="..\..\..\src\scenegraph\Billboard.h" />
    <ClInclude Include="..\..\..\src\scenegraph\AnimationKey.h" />
    <ClInclude Include="..\..\..\src\scenegraph\AnimationChannel.h" />
    <ClInclude Include="..\..\..\src\scenegraph\Animation.h" />
    <ClInclude Include="..\..\..\src\scenegraph\DumpVisitor.h" />
    <ClInclude Include="..\..\..\src\win32\pch.h">
      <Filter>win32</Filter>
    </ClInclude>
    <ClInclude Include="..\..\..\src\scenegraph\LoaderDefinitions.h" />
    <ClInclude Include="..\..\..\src\scenegraph\Pattern.h" />
    <ClInclude Include="..\..\..\src\scenegraph\FindNodeVisitor.h" />
    <ClInclude Include="..\..\..\src\scenegraph\Model.h" />
    <ClInclude Include="..\..\..\src\scenegraph\CollisionGeometry.h" />
    <ClInclude Include="..\..\..\src\scenegraph\Lua.h" />
    <ClInclude Include="..\..\..\src\scenegraph\ModelSkin.h" />
    <ClInclude Include="..\..\..\src\scenegraph\NodeCopyCache.h" />
    <ClInclude Include="..\..\..\src\scenegraph\BinaryConverter.h" />
    <ClInclude Include="..\..\..\src\scenegraph\BaseLoader.h" />
  </ItemGroup>
</Project>