<?xml version="1.0" encoding="utf-8"?>
<Project ToolsVersion="4.0" xmlns="http://schemas.microsoft.com/developer/msbuild/2003">
  <ItemGroup>
    <ClCompile Include="..\..\..\src\graphics\Drawables.cpp" />
    <ClCompile Include="..\..\..\src\graphics\Frustum.cpp" />
    <ClCompile Include="..\..\..\src\graphics\Graphics.cpp" />
    <ClCompile Include="..\..\..\src\graphics\Material.cpp" />
    <ClCompile Include="..\..\..\src\graphics\Renderer.cpp" />
    <ClCompile Include="..\..\..\src\graphics\TextureBuilder.cpp" />
    <ClCompile Include="..\..\..\src\graphics\VertexArray.cpp" />
    <ClCompile Include="..\..\..\src\win32\OSWin32.cpp">
      <Filter>win32</Filter>
    </ClCompile>
    <ClCompile Include="..\..\..\src\graphics\Light.cpp" />
    <ClCompile Include="..\..\..\src\graphics\opengl\Program.cpp">
      <Filter>opengl</Filter>
    </ClCompile>
    <ClCompile Include="..\..\..\src\graphics\opengl\Uniform.cpp">
      <Filter>opengl</Filter>
    </ClCompile>
    <ClCompile Include="..\..\..\src\graphics\VertexBuffer.cpp" />
    <ClCompile Include="..\..\..\src\graphics\opengl\RenderTargetGL.cpp">
      <Filter>opengl</Filter>
    </ClCompile>
    <ClCompile Include="..\..\..\src\graphics\opengl\TextureGL.cpp">
      <Filter>opengl</Filter>
    </ClCompile>
    <ClCompile Include="..\..\..\src\graphics\opengl\VertexBufferGL.cpp">
      <Filter>opengl</Filter>
    </ClCompile>
    <ClCompile Include="..\..\..\src\graphics\opengl\MaterialGL.cpp">
      <Filter>opengl</Filter>
    </ClCompile>
    <ClCompile Include="..\..\..\src\graphics\opengl\RendererGL.cpp">
      <Filter>opengl</Filter>
    </ClCompile>
    <ClCompile Include="..\..\..\src\graphics\dummy\RendererDummy.cpp">
      <Filter>dummy</Filter>
    </ClCompile>
    <ClCompile Include="..\..\..\src\graphics\Stats.cpp" />
    <ClCompile Include="..\..\..\src\graphics\opengl\CommandBufferGL.cpp">
      <Filter>opengl</Filter>
    </ClCompile>
    <ClCompile Include="..\..\..\src\graphics\opengl\RenderStateCache.cpp">
      <Filter>opengl</Filter>
    </ClCompile>
    <ClCompile Include="..\..\..\src\graphics\opengl\Shader.cpp">
      <Filter>opengl</Filter>
    </ClCompile>
    <ClCompile Include="..\..\..\src\graphics\opengl\UniformBuffer.cpp">
      <Filter>opengl</Filter>
    </ClCompile>
    <ClCompile Include="..\..\..\src\graphics\ShaderParser.cpp" />
  </ItemGroup>
  <ItemGroup>
    <ClInclude Include="..\..\..\src\graphics\Drawables.h" />
    <ClInclude Include="..\..\..\src\graphics\Frustum.h" />
    <ClInclude Include="..\..\..\src\graphics\Graphics.h" />
    <ClInclude Include="..\..\..\src\graphics\Material.h" />
    <ClInclude Include="..\..\..\src\graphics\Renderer.h" />
    <ClInclude Include="..\..\..\src\graphics\Texture.h" />
    <ClInclude Include="..\..\..\src\graphics\TextureBuilder.h" />
    <ClInclude Include="..\..\..\src\graphics\VertexArray.h" />
    <ClInclude Include="..\..\..\src\graphics\Light.h" />
    <ClInclude Include="..\..\..\src\graphics\opengl\Program.h">
      <Filter>opengl</Filter>
    </ClInclude>
    <ClInclude Include="..\..\..\src\graphics\opengl\Uniform.h">
      <Filter>opengl</Filter>
    </ClInclude>
    <ClInclude Include="..\..\..\src\graphics\RenderTarget.h" />
    <ClInclude Include="..\..\..\src\graphics\RenderState.h" />
    <ClInclude Include="..\..\..\src\graphics\VertexBuffer.h" />
    <ClInclude Include="..\..\..\src\graphics\opengl\RenderTargetGL.h">
      <Filter>opengl</Filter>
    </ClInclude>
    <ClInclude Include="..\..\..\src\graphics\opengl\TextureGL.h">
      <Filter>opengl</Filter>
    </ClInclude>
    <ClInclude Include="..\..\..\src\graphics\opengl\VertexBufferGL.h">
      <Filter>opengl</Filter>
    </ClInclude>
    <ClInclude Include="..\..\..\src\graphics\opengl\GLDebug.h">
      <Filter>opengl</Filter>
    </ClInclude>
    <ClInclude Include="..\..\..\src\graphics\opengl\MaterialGL.h">
      <Filter>opengl</Filter>
    </ClInclude>
    <ClInclude Include="..\..\..\src\graphics\opengl\RendererGL.h">
      <Filter>opengl</Filter>
    </ClInclude>
    <ClInclude Include="..\..\..\src\graphics\dummy\MaterialDummy.h">
      <Filter>dummy</Filter>
    </ClInclude>
    <ClInclude Include="..\..\..\src\graphics\dummy\RendererDummy.h">
      <Filter>dummy</Filter>
    </ClInclude>
    <ClInclude Include="..\..\..\src\graphics\dummy\RenderStateDummy.h">
      <Filter>dummy</Filter>
    </ClInclude>
    <ClInclude Include="..\..\..\src\graphics\dummy\RenderTargetDummy.h">
      <Filter>dummy</Filter>
    </ClInclude>
    <ClInclude Include="..\..\..\src\graphics\dummy\TextureDummy.h">
      <Filter>dummy</Filter>
    </ClInclude>
    <ClInclude Include="..\..\..\src\graphics\dummy\VertexBufferDummy.h">
      <Filter>dummy</Filter>
    </ClInclude>
    <ClInclude Include="..\..\..\src\graphics\Stats.h" />
    <ClInclude Include="..\..\..\src\graphics\opengl\OpenGLLibs.h">
      <Filter>opengl</Filter>
    </ClInclude>
    <ClInclude Include="..\..\..\src\graphics\Types.h" />
    <ClInclude Include="..\..\..\src\graphics\opengl\CommandBufferGL.h">
      <Filter>opengl</Filter>
    </ClInclude>
    <ClInclude Include="..\..\..\src\graphics\opengl\RenderStateCache.h">
      <Filter>opengl</Filter>
    </ClInclude>
    <ClInclude Include="..\..\..\src\graphics\opengl\Shader.h">
      <Filter>opengl</Filter>
    </ClInclude>
    <ClInclude Include="..\..\..\src\graphics\opengl\UniformBuffer.h">
      <Filter>opengl</Filter>
    </ClInclude>
    <ClInclude Include="..\..\..\src\graphics\ShaderParser.h" />
    <ClInclude Include="..\..\..\src\graphics\opengl\GLBufferBase.h">
      <Filter>opengl</Filter>
    </ClInclude>
    <ClInclude Include="..\..\..\src\graphics\BufferCommon.h" />
  </ItemGroup>
  <ItemGroup>
    <Filter Include="win32">
      <UniqueIdentifier>{55c9590f-ea3e-46bd-9c15-b8304c3fbd2e}</UniqueIdentifier>
    </Filter>
    <Filter Include="opengl">
      <UniqueIdentifier>{d326765b-28c9-46c3-bde7-60dcfd3a059f}</UniqueIdentifier>
    </Filter>
    <Filter Include="dummy">
      <UniqueIdentifier>{613c7313-f10f-43ec-92f0-5f0c66d0cfc6}</UniqueIdentifier>
    </Filter>
  </ItemGroup>
</Project>