<?xml version="1.0" encoding="utf-8"?>
<Project ToolsVersion="4.0" xmlns="http://schemas.microsoft.com/developer/msbuild/2003">
  <ItemGroup>
    <Filter Include="Source Files">
      <UniqueIdentifier>{4FC737F1-C7A5-4376-A066-2A32D752A2FF}</UniqueIdentifier>
      <Extensions>cpp;c;cc;cxx;def;odl;idl;hpj;bat;asm;asmx</Extensions>
    </Filter>
    <Filter Include="Header Files">
      <UniqueIdentifier>{93995380-89BD-4b04-88EB-625FBE52EBFB}</UniqueIdentifier>
      <Extensions>h;hh;hpp;hxx;hm;inl;inc;xsd</Extensions>
    </Filter>
    <Filter Include="Resource Files">
      <UniqueIdentifier>{67DA6AB6-F800-4c08-8B7A-83BB121AAD01}</UniqueIdentifier>
      <Extensions>rc;ico;cur;bmp;dlg;rc2;rct;bin;rgs;gif;jpg;jpeg;jpe;resx;tiff;tif;png;wav;mfcribbon-ms</Extensions>
    </Filter>
    <Filter Include="Win32">
      <UniqueIdentifier>{1d302f47-f764-4c47-a347-368ea89b5822}</UniqueIdentifier>
    </Filter>
    <Filter Include="Header Files\json">
      <UniqueIdentifier>{2f1a4c06-480d-443b-84ca-e2f7a74efd36}</UniqueIdentifier>
    </Filter>
    <Filter Include="Source Files\lz4">
      <UniqueIdentifier>{1fe8dda3-2330-4d28-a4cd-a52a055ee86d}</UniqueIdentifier>
    </Filter>
  </ItemGroup>
  <ItemGroup>
    <ClCompile Include="..\..\src\modelcompiler.cpp">
      <Filter>Source Files</Filter>
    </ClCompile>
    <ClCompile Include="..\..\src\FileSourceZip.cpp">
      <Filter>Source Files</Filter>
    </ClCompile>
    <ClCompile Include="..\..\src\FileSystem.cpp">
      <Filter>Source Files</Filter>
    </ClCompile>
    <ClCompile Include="..\..\src\utils.cpp">
      <Filter>Source Files</Filter>
    </ClCompile>
    <ClCompile Include="..\..\src\GameConfig.cpp">
      <Filter>Source Files</Filter>
    </ClCompile>
    <ClCompile Include="..\..\src\SDLWrappers.cpp">
      <Filter>Source Files</Filter>
    </ClCompile>
    <ClCompile Include="..\..\src\StringF.cpp">
      <Filter>Source Files</Filter>
    </ClCompile>
    <ClCompile Include="..\..\src\Color.cpp">
      <Filter>Source Files</Filter>
    </ClCompile>
    <ClCompile Include="..\..\src\win32\FileSystemWin32.cpp">
      <Filter>Win32</Filter>
    </ClCompile>
    <ClCompile Include="..\..\src\win32\OSWin32.cpp">
      <Filter>Win32</Filter>
    </ClCompile>
    <ClCompile Include="..\..\src\win32\WinMath.cpp">
      <Filter>Win32</Filter>
    </ClCompile>
    <ClCompile Include="..\..\src\ModManager.cpp">
      <Filter>Source Files</Filter>
    </ClCompile>
    <ClCompile Include="..\..\src\Lang.cpp">
      <Filter>Source Files</Filter>
    </ClCompile>
    <ClCompile Include="..\..\contrib\PicoDDS\PicoDDS.cpp">
      <Filter>Source Files</Filter>
    </ClCompile>
    <ClCompile Include="..\..\src\PngWriter.cpp">
      <Filter>Source Files</Filter>
    </ClCompile>
    <ClCompile Include="..\..\src\DateTime.cpp">
      <Filter>Source Files</Filter>
    </ClCompile>
    <ClCompile Include="..\..\src\CollMesh.cpp">
      <Filter>Source Files</Filter>
    </ClCompile>
    <ClCompile Include="..\..\src\win32\TextUtils.cpp">
      <Filter>Win32</Filter>
    </ClCompile>
    <ClCompile Include="..\..\src\JobQueue.cpp">
      <Filter>Source Files</Filter>
    </ClCompile>
    <ClCompile Include="..\..\src\JsonUtils.cpp">
      <Filter>Source Files</Filter>
    </ClCompile>
    <ClCompile Include="..\..\contrib\lz4\lz4.c">
      <Filter>Source Files\lz4</Filter>
    </ClCompile>
    <ClCompile Include="..\..\contrib\lz4\lz4frame.c">
      <Filter>Source Files\lz4</Filter>
    </ClCompile>
    <ClCompile Include="..\..\contrib\lz4\lz4hc.c">
      <Filter>Source Files\lz4</Filter>
    </ClCompile>
    <ClCompile Include="..\..\contrib\lz4\xxhash.c">
      <Filter>Source Files\lz4</Filter>
    </ClCompile>
    <ClCompile Include="..\..\src\PerfStats.cpp">
      <Filter>Source Files</Filter>
    </ClCompile>
    <ClCompile Include="..\..\src\core\Log.cpp">
      <Filter>Source Files</Filter>
    </ClCompile>
    <ClCompile Include="..\..\src\core\IniConfig.cpp">
      <Filter>Source Files</Filter>
    </ClCompile>
    <ClCompile Include="..\..\src\core\LZ4Format.cpp">
      <Filter>Source Files</Filter>
    </ClCompile>
    <ClCompile Include="..\..\src\core\GZipFormat.cpp">
      <Filter>Source Files</Filter>
    </ClCompile>
  </ItemGroup>
  <ItemGroup>
    <ClInclude Include="..\..\src\FileSourceZip.h">
      <Filter>Header Files</Filter>
    </ClInclude>
    <ClInclude Include="..\..\src\FileSystem.h">
      <Filter>Header Files</Filter>
    </ClInclude>
    <ClInclude Include="..\..\src\StringF.h">
      <Filter>Header Files</Filter>
    </ClInclude>
    <ClInclude Include="..\..\src\StringRange.h">
      <Filter>Header Files</Filter>
    </ClInclude>
    <ClInclude Include="..\..\src\utils.h">
      <Filter>Header Files</Filter>
    </ClInclude>
    <ClInclude Include="..\..\src\GameConfig.h">
      <Filter>Header Files</Filter>
    </ClInclude>
    <ClInclude Include="..\..\src\libs.h">
      <Filter>Header Files</Filter>
    </ClInclude>
    <ClInclude Include="..\..\src\SDLWrappers.h">
      <Filter>Header Files</Filter>
    </ClInclude>
    <ClInclude Include="..\..\src\ByteRange.h">
      <Filter>Header Files</Filter>
    </ClInclude>
    <ClInclude Include="..\..\src\Color.h">
      <Filter>Header Files</Filter>
    </ClInclude>
    <ClInclude Include="..\..\src\matrix3x3.h">
      <Filter>Header Files</Filter>
    </ClInclude>
    <ClInclude Include="..\..\src\matrix4x4.h">
      <Filter>Header Files</Filter>
    </ClInclude>
    <ClInclude Include="..\..\src\vector2.h">
      <Filter>Header Files</Filter>
    </ClInclude>
    <ClInclude Include="..\..\src\vector3.h">
      <Filter>Header Files</Filter>
    </ClInclude>
    <ClInclude Include="..\..\src\win32\Win32Setup.h">
      <Filter>Win32</Filter>
    </ClInclude>
    <ClInclude Include="..\..\src\win32\TextUtils.h">
      <Filter>Win32</Filter>
    </ClInclude>
    <ClInclude Include="..\..\src\win32\WinMath.h">
      <Filter>Win32</Filter>
    </ClInclude>
    <ClInclude Include="..\..\src\ModManager.h">
      <Filter>Header Files</Filter>
    </ClInclude>
    <ClInclude Include="..\..\src\Random.h">
      <Filter>Header Files</Filter>
    </ClInclude>
    <ClInclude Include="..\..\src\LangStrings.inc.h">
      <Filter>Header Files</Filter>
    </ClInclude>
    <ClInclude Include="..\..\src\Lang.h">
      <Filter>Header Files</Filter>
    </ClInclude>
    <ClInclude Include="..\..\contrib\PicoDDS\PicoDDS.h">
      <Filter>Header Files</Filter>
    </ClInclude>
    <ClInclude Include="..\..\src\PngWriter.h">
      <Filter>Header Files</Filter>
    </ClInclude>
    <ClInclude Include="..\..\src\DateTime.h">
      <Filter>Header Files</Filter>
    </ClInclude>
    <ClInclude Include="..\..\src\JsonUtils.h">
      <Filter>Header Files</Filter>
    </ClInclude>
    <ClInclude Include="..\..\src\JobQueue.h">
      <Filter>Header Files</Filter>
    </ClInclude>
    <ClInclude Include="..\..\contrib\base64\base64.hpp">
      <Filter>Header Files\json</Filter>
    </ClInclude>
    <ClInclude Include="..\..\contrib\json\json.hpp">
      <Filter>Header Files\json</Filter>
    </ClInclude>
    <ClInclude Include="..\..\contrib\json\json_fwd.hpp">
      <Filter>Header Files\json</Filter>
    </ClInclude>
    <ClInclude Include="..\..\contrib\lz4\lz4.h">
      <Filter>Source Files\lz4</Filter>
    </ClInclude>
    <ClInclude Include="..\..\contrib\lz4\lz4frame.h">
      <Filter>Source Files\lz4</Filter>
    </ClInclude>
    <ClInclude Include="..\..\contrib\lz4\lz4hc.h">
      <Filter>Source Files\lz4</Filter>
    </ClInclude>
    <ClInclude Include="..\..\contrib\lz4\xxhash.h">
      <Filter>Source Files\lz4</Filter>
    </ClInclude>
    <ClInclude Include="..\..\src\PerfStats.h">
      <Filter>Header Files</Filter>
    </ClInclude>
    <ClInclude Include="..\..\src\core\IniConfig.h">
      <Filter>Header Files</Filter>
    </ClInclude>
    <ClInclude Include="..\..\src\core\GZipFormat.h">
      <Filter>Header Files</Filter>
    </ClInclude>
  </ItemGroup>
</Project>