<?xml version="1.0" encoding="utf-8"?>
<Project ToolsVersion="4.0" xmlns="http://schemas.microsoft.com/developer/msbuild/2003">
  <ItemGroup>
    <Filter Include="src">
      <UniqueIdentifier>{e9b1a990-6efe-42cf-9f6e-f2e616237bcd}</UniqueIdentifier>
    </Filter>
    <Filter Include="win32">
      <UniqueIdentifier>{aeabf531-2de2-4c8d-a8f0-9eac5ef02742}</UniqueIdentifier>
    </Filter>
    <Filter Include="win32\src">
      <UniqueIdentifier>{1cb2597d-dc02-4d1a-8b7b-ca44fd755348}</UniqueIdentifier>
    </Filter>
  </ItemGroup>
  <ItemGroup>
    <ClInclude Include="..\..\src\fixed.h">
      <Filter>src</Filter>
    </ClInclude>
    <ClInclude Include="..\..\src\perlin.h">
      <Filter>src</Filter>
    </ClInclude>
    <ClInclude Include="..\..\src\Random.h">
      <Filter>src</Filter>
    </ClInclude>
  </ItemGroup>
  <ItemGroup>
    <ClCompile Include="..\..\src\perlin.cpp">
      <Filter>src</Filter>
    </ClCompile>
    <ClCompile Include="..\..\src\win32\perlintest.cpp">
      <Filter>win32\src</Filter>
    </ClCompile>
  </ItemGroup>
</Project>