
Microsoft Visual Studio Solution File, Format Version 12.00
# Visual Studio Version 16
VisualStudioVersion = 16.0.30204.135
MinimumVisualStudioVersion = 10.0.40219.1
Project("{8BC9CEB8-8B4A-11D0-8D11-00A0C91BC942}") = "pioneer", "pioneer.vcxproj", "{65A1BBFB-7A42-497C-BF65-A0A06664A204}"
	ProjectSection(ProjectDependencies) = postProject
		{FFDC1809-F67B-4933-B4E0-5298EA5DDB7E} = {FFDC1809-F67B-4933-B4E0-5298EA5DDB7E}
		{82973C2C-FC40-4320-84AE-A47E36868C02} = {82973C2C-FC40-4320-84AE-A47E36868C02}
		{5085B12D-F9AC-4878-9672-1FD4EB0EFB67} = {5085B12D-F9AC-4878-9672-1FD4EB0EFB67}
		{06E6CE3D-9163-453B-BF8D-3B9DECB5AB78} = {06E6CE3D-9163-453B-BF8D-3B9DECB5AB78}
		{A2082451-1B70-47C1-88E1-62A59EB13A44} = {A2082451-1B70-47C1-88E1-62A59EB13A44}
		{38C0279B-EB3E-4113-8E3E-29AFC31C3C20} = {38C0279B-EB3E-4113-8E3E-29AFC31C3C20}
		{64F034A3-B40E-4D42-ADDD-E2EE42ED517F} = {64F034A3-B40E-4D42-ADDD-E2EE42ED517F}
		{F1547BA3-05CB-4166-93C8-9F161E1C75EB} = {F1547BA3-05CB-4166-93C8-9F161E1C75EB}
		{DED0A0AD-E7B8-42EF-83DB-EDAE7E2443EE} = {DED0A0AD-E7B8-42EF-83DB-EDAE7E2443EE}
		{E34F7DBC-F23D-481A-B920-E53F56C53EE8} = {E34F7DBC-F23D-481A-B920-E53F56C53EE8}
		{03ACDDF1-56D2-49FF-8762-000EA6CB2C2F} = {03ACDDF1-56D2-49FF-8762-000EA6CB2C2F}
	EndProjectSection
EndProject
Project("{8BC9CEB8-8B4A-11D0-8D11-00A0C91BC942}") = "text", "text\text.vcxproj", "{06E6CE3D-9163-453B-BF8D-3B9DECB5AB78}"
	ProjectSection(ProjectDependencies) = postProject
		{FFDC1809-F67B-4933-B4E0-5298EA5DDB7E} = {FFDC1809-F67B-4933-B4E0-5298EA5DDB7E}
	EndProjectSection
EndProject
Project("{8BC9CEB8-8B4A-11D0-8D11-00A0C91BC942}") = "jenkins", "jenkins\jenkins.vcxproj", "{38C0279B-EB3E-4113-8E3E-29AFC31C3C20}"
	ProjectSection(ProjectDependencies) = postProject
		{FFDC1809-F67B-4933-B4E0-5298EA5DDB7E} = {FFDC1809-F67B-4933-B4E0-5298EA5DDB7E}
	EndProjectSection
EndProject
Project("{8BC9CEB8-8B4A-11D0-8D11-00A0C91BC942}") = "galaxy", "galaxy\galaxy.vcxproj", "{82973C2C-FC40-4320-84AE-A47E36868C02}"
	ProjectSection(ProjectDependencies) = postProject
		{FFDC1809-F67B-4933-B4E0-5298EA5DDB7E} = {FFDC1809-F67B-4933-B4E0-5298EA5DDB7E}
	EndProjectSection
EndProject
Project("{8BC9CEB8-8B4A-11D0-8D11-00A0C91BC942}") = "collider", "collider\collider.vcxproj", "{A2082451-1B70-47C1-88E1-62A59EB13A44}"
	ProjectSection(ProjectDependencies) = postProject
		{FFDC1809-F67B-4933-B4E0-5298EA5DDB7E} = {FFDC1809-F67B-4933-B4E0-5298EA5DDB7E}
	EndProjectSection
EndProject
Project("{8BC9CEB8-8B4A-11D0-8D11-00A0C91BC942}") = "graphics", "graphics\graphics.vcxproj", "{DED0A0AD-E7B8-42EF-83DB-EDAE7E2443EE}"
	ProjectSection(ProjectDependencies) = postProject
		{FFDC1809-F67B-4933-B4E0-5298EA5DDB7E} = {FFDC1809-F67B-4933-B4E0-5298EA5DDB7E}
	EndProjectSection
EndProject
Project("{8BC9CEB8-8B4A-11D0-8D11-00A0C91BC942}") = "terrain", "terrain\terrain.vcxproj", "{64F034A3-B40E-4D42-ADDD-E2EE42ED517F}"
	ProjectSection(ProjectDependencies) = postProject
		{FFDC1809-F67B-4933-B4E0-5298EA5DDB7E} = {FFDC1809-F67B-4933-B4E0-5298EA5DDB7E}
	EndProjectSection
EndProject
Project("{8BC9CEB8-8B4A-11D0-8D11-00A0C91BC942}") = "lua", "lua.vcxproj", "{5085B12D-F9AC-4878-9672-1FD4EB0EFB67}"
	ProjectSection(ProjectDependencies) = postProject
		{FFDC1809-F67B-4933-B4E0-5298EA5DDB7E} = {FFDC1809-F67B-4933-B4E0-5298EA5DDB7E}
	EndProjectSection
EndProject
Project("{8BC9CEB8-8B4A-11D0-8D11-00A0C91BC942}") = "scenegraph", "newmodel\newmodel.vcxproj", "{E34F7DBC-F23D-481A-B920-E53F56C53EE8}"
	ProjectSection(ProjectDependencies) = postProject
		{FFDC1809-F67B-4933-B4E0-5298EA5DDB7E} = {FFDC1809-F67B-4933-B4E0-5298EA5DDB7E}
		{DED0A0AD-E7B8-42EF-83DB-EDAE7E2443EE} = {DED0A0AD-E7B8-42EF-83DB-EDAE7E2443EE}
	EndProjectSection
EndProject
Project("{8BC9CEB8-8B4A-11D0-8D11-00A0C91BC942}") = "profiler", "profiler\profiler.vcxproj", "{FFDC1809-F67B-4933-B4E0-5298EA5DDB7E}"
EndProject
Project("{8BC9CEB8-8B4A-11D0-8D11-00A0C91BC942}") = "modelcompiler", "modelcompiler.vcxproj", "{8006A44D-1877-42EE-99A6-214E8B328AEE}"
	ProjectSection(ProjectDependencies) = postProject
		{FFDC1809-F67B-4933-B4E0-5298EA5DDB7E} = {FFDC1809-F67B-4933-B4E0-5298EA5DDB7E}
		{82973C2C-FC40-4320-84AE-A47E36868C02} = {82973C2C-FC40-4320-84AE-A47E36868C02}
		{5085B12D-F9AC-4878-9672-1FD4EB0EFB67} = {5085B12D-F9AC-4878-9672-1FD4EB0EFB67}
		{06E6CE3D-9163-453B-BF8D-3B9DECB5AB78} = {06E6CE3D-9163-453B-BF8D-3B9DECB5AB78}
		{A2082451-1B70-47C1-88E1-62A59EB13A44} = {A2082451-1B70-47C1-88E1-62A59EB13A44}
		{38C0279B-EB3E-4113-8E3E-29AFC31C3C20} = {38C0279B-EB3E-4113-8E3E-29AFC31C3C20}
		{64F034A3-B40E-4D42-ADDD-E2EE42ED517F} = {64F034A3-B40E-4D42-ADDD-E2EE42ED517F}
		{F1547BA3-05CB-4166-93C8-9F161E1C75EB} = {F1547BA3-05CB-4166-93C8-9F161E1C75EB}
		{DED0A0AD-E7B8-42EF-83DB-EDAE7E2443EE} = {DED0A0AD-E7B8-42EF-83DB-EDAE7E2443EE}
		{E34F7DBC-F23D-481A-B920-E53F56C53EE8} = {E34F7DBC-F23D-481A-B920-E53F56C53EE8}
		{03ACDDF1-56D2-49FF-8762-000EA6CB2C2F} = {03ACDDF1-56D2-49FF-8762-000EA6CB2C2F}
	EndProjectSection
EndProject
Project("{8BC9CEB8-8B4A-11D0-8D11-00A0C91BC942}") = "glew", "glew\glew.vcxproj", "{03ACDDF1-56D2-49FF-8762-000EA6CB2C2F}"
EndProject
Project("{8BC9CEB8-8B4A-11D0-8D11-00A0C91BC942}") = "savedump", "savedump\savedump.vcxproj", "{457B1FC5-D180-4E45-848E-26E1C3743ADC}"
	ProjectSection(ProjectDependencies) = postProject
		{F1547BA3-05CB-4166-93C8-9F161E1C75EB} = {F1547BA3-05CB-4166-93C8-9F161E1C75EB}
	EndProjectSection
EndProject
Project("{8BC9CEB8-8B4A-11D0-8D11-00A0C91BC942}") = "fmt", "fmt\fmt.vcxproj", "{F1547BA3-05CB-4166-93C8-9F161E1C75EB}"
EndProject
Global
	GlobalSection(SolutionConfigurationPlatforms) = preSolution
		Debug|x64 = Debug|x64
		PreRelease|x64 = PreRelease|x64
		Profile|x64 = Profile|x64
		Release|x64 = Release|x64
	EndGlobalSection
	GlobalSection(ProjectConfigurationPlatforms) = postSolution
		{65A1BBFB-7A42-497C-BF65-A0A06664A204}.Debug|x64.ActiveCfg = Debug|x64
		{65A1BBFB-7A42-497C-BF65-A0A06664A204}.Debug|x64.Build.0 = Debug|x64
		{65A1BBFB-7A42-497C-BF65-A0A06664A204}.PreRelease|x64.ActiveCfg = PreRelease|x64
		{65A1BBFB-7A42-497C-BF65-A0A06664A204}.PreRelease|x64.Build.0 = PreRelease|x64
		{65A1BBFB-7A42-497C-BF65-A0A06664A204}.Profile|x64.ActiveCfg = Profile|x64
		{65A1BBFB-7A42-497C-BF65-A0A06664A204}.Profile|x64.Build.0 = Profile|x64
		{65A1BBFB-7A42-497C-BF65-A0A06664A204}.Release|x64.ActiveCfg = Release|x64
		{65A1BBFB-7A42-497C-BF65-A0A06664A204}.Release|x64.Build.0 = Release|x64
		{06E6CE3D-9163-453B-BF8D-3B9DECB5AB78}.Debug|x64.ActiveCfg = Debug|x64
		{06E6CE3D-9163-453B-BF8D-3B9DECB5AB78}.Debug|x64.Build.0 = Debug|x64
		{06E6CE3D-9163-453B-BF8D-3B9DECB5AB78}.PreRelease|x64.ActiveCfg = PreRelease|x64
		{06E6CE3D-9163-453B-BF8D-3B9DECB5AB78}.PreRelease|x64.Build.0 = PreRelease|x64
		{06E6CE3D-9163-453B-BF8D-3B9DECB5AB78}.Profile|x64.ActiveCfg = Profile|x64
		{06E6CE3D-9163-453B-BF8D-3B9DECB5AB78}.Profile|x64.Build.0 = Profile|x64
		{06E6CE3D-9163-453B-BF8D-3B9DECB5AB78}.Release|x64.ActiveCfg = Release|x64
		{06E6CE3D-9163-453B-BF8D-3B9DECB5AB78}.Release|x64.Build.0 = Release|x64
		{38C0279B-EB3E-4113-8E3E-29AFC31C3C20}.Debug|x64.ActiveCfg = Debug|x64
		{38C0279B-EB3E-4113-8E3E-29AFC31C3C20}.Debug|x64.Build.0 = Debug|x64
		{38C0279B-EB3E-4113-8E3E-29AFC31C3C20}.PreRelease|x64.ActiveCfg = PreRelease|x64
		{38C0279B-EB3E-4113-8E3E-29AFC31C3C20}.PreRelease|x64.Build.0 = PreRelease|x64
		{38C0279B-EB3E-4113-8E3E-29AFC31C3C20}.Profile|x64.ActiveCfg = Profile|x64
		{38C0279B-EB3E-4113-8E3E-29AFC31C3C20}.Profile|x64.Build.0 = Profile|x64
		{38C0279B-EB3E-4113-8E3E-29AFC31C3C20}.Release|x64.ActiveCfg = Release|x64
		{38C0279B-EB3E-4113-8E3E-29AFC31C3C20}.Release|x64.Build.0 = Release|x64
		{82973C2C-FC40-4320-84AE-A47E36868C02}.Debug|x64.ActiveCfg = Debug|x64
		{82973C2C-FC40-4320-84AE-A47E36868C02}.Debug|x64.Build.0 = Debug|x64
		{82973C2C-FC40-4320-84AE-A47E36868C02}.PreRelease|x64.ActiveCfg = PreRelease|x64
		{82973C2C-FC40-4320-84AE-A47E36868C02}.PreRelease|x64.Build.0 = PreRelease|x64
		{82973C2C-FC40-4320-84AE-A47E36868C02}.Profile|x64.ActiveCfg = Profile|x64
		{82973C2C-FC40-4320-84AE-A47E36868C02}.Profile|x64.Build.0 = Profile|x64
		{82973C2C-FC40-4320-84AE-A47E36868C02}.Release|x64.ActiveCfg = Release|x64
		{82973C2C-FC40-4320-84AE-A47E36868C02}.Release|x64.Build.0 = Release|x64
		{A2082451-1B70-47C1-88E1-62A59EB13A44}.Debug|x64.ActiveCfg = Debug|x64
		{A2082451-1B70-47C1-88E1-62A59EB13A44}.Debug|x64.Build.0 = Debug|x64
		{A2082451-1B70-47C1-88E1-62A59EB13A44}.PreRelease|x64.ActiveCfg = PreRelease|x64
		{A2082451-1B70-47C1-88E1-62A59EB13A44}.PreRelease|x64.Build.0 = PreRelease|x64
		{A2082451-1B70-47C1-88E1-62A59EB13A44}.Profile|x64.ActiveCfg = Profile|x64
		{A2082451-1B70-47C1-88E1-62A59EB13A44}.Profile|x64.Build.0 = Profile|x64
		{A2082451-1B70-47C1-88E1-62A59EB13A44}.Release|x64.ActiveCfg = Release|x64
		{A2082451-1B70-47C1-88E1-62A59EB13A44}.Release|x64.Build.0 = Release|x64
		{DED0A0AD-E7B8-42EF-83DB-EDAE7E2443EE}.Debug|x64.ActiveCfg = Debug|x64
		{DED0A0AD-E7B8-42EF-83DB-EDAE7E2443EE}.Debug|x64.Build.0 = Debug|x64
		{DED0A0AD-E7B8-42EF-83DB-EDAE7E2443EE}.PreRelease|x64.ActiveCfg = PreRelease|x64
		{DED0A0AD-E7B8-42EF-83DB-EDAE7E2443EE}.PreRelease|x64.Build.0 = PreRelease|x64
		{DED0A0AD-E7B8-42EF-83DB-EDAE7E2443EE}.Profile|x64.ActiveCfg = Profile|x64
		{DED0A0AD-E7B8-42EF-83DB-EDAE7E2443EE}.Profile|x64.Build.0 = Profile|x64
		{DED0A0AD-E7B8-42EF-83DB-EDAE7E2443EE}.Release|x64.ActiveCfg = Release|x64
		{DED0A0AD-E7B8-42EF-83DB-EDAE7E2443EE}.Release|x64.Build.0 = Release|x64
		{64F034A3-B40E-4D42-ADDD-E2EE42ED517F}.Debug|x64.ActiveCfg = Debug|x64
		{64F034A3-B40E-4D42-ADDD-E2EE42ED517F}.Debug|x64.Build.0 = Debug|x64
		{64F034A3-B40E-4D42-ADDD-E2EE42ED517F}.PreRelease|x64.ActiveCfg = PreRelease|x64
		{64F034A3-B40E-4D42-ADDD-E2EE42ED517F}.PreRelease|x64.Build.0 = PreRelease|x64
		{64F034A3-B40E-4D42-ADDD-E2EE42ED517F}.Profile|x64.ActiveCfg = Profile|x64
		{64F034A3-B40E-4D42-ADDD-E2EE42ED517F}.Profile|x64.Build.0 = Profile|x64
		{64F034A3-B40E-4D42-ADDD-E2EE42ED517F}.Release|x64.ActiveCfg = Release|x64
		{64F034A3-B40E-4D42-ADDD-E2EE42ED517F}.Release|x64.Build.0 = Release|x64
		{5085B12D-F9AC-4878-9672-1FD4EB0EFB67}.Debug|x64.ActiveCfg = Debug|x64
		{5085B12D-F9AC-4878-9672-1FD4EB0EFB67}.Debug|x64.Build.0 = Debug|x64
		{5085B12D-F9AC-4878-9672-1FD4EB0EFB67}.PreRelease|x64.ActiveCfg = PreRelease|x64
		{5085B12D-F9AC-4878-9672-1FD4EB0EFB67}.PreRelease|x64.Build.0 = PreRelease|x64
		{5085B12D-F9AC-4878-9672-1FD4EB0EFB67}.Profile|x64.ActiveCfg = Profile|x64
		{5085B12D-F9AC-4878-9672-1FD4EB0EFB67}.Profile|x64.Build.0 = Profile|x64
		{5085B12D-F9AC-4878-9672-1FD4EB0EFB67}.Release|x64.ActiveCfg = Release|x64
		{5085B12D-F9AC-4878-9672-1FD4EB0EFB67}.Release|x64.Build.0 = Release|x64
		{E34F7DBC-F23D-481A-B920-E53F56C53EE8}.Debug|x64.ActiveCfg = Debug|x64
		{E34F7DBC-F23D-481A-B920-E53F56C53EE8}.Debug|x64.Build.0 = Debug|x64
		{E34F7DBC-F23D-481A-B920-E53F56C53EE8}.PreRelease|x64.ActiveCfg = PreRelease|x64
		{E34F7DBC-F23D-481A-B920-E53F56C53EE8}.PreRelease|x64.Build.0 = PreRelease|x64
		{E34F7DBC-F23D-481A-B920-E53F56C53EE8}.Profile|x64.ActiveCfg = Profile|x64
		{E34F7DBC-F23D-481A-B920-E53F56C53EE8}.Profile|x64.Build.0 = Profile|x64
		{E34F7DBC-F23D-481A-B920-E53F56C53EE8}.Release|x64.ActiveCfg = Release|x64
		{E34F7DBC-F23D-481A-B920-E53F56C53EE8}.Release|x64.Build.0 = Release|x64
		{FFDC1809-F67B-4933-B4E0-5298EA5DDB7E}.Debug|x64.ActiveCfg = Debug|x64
		{FFDC1809-F67B-4933-B4E0-5298EA5DDB7E}.Debug|x64.Build.0 = Debug|x64
		{FFDC1809-F67B-4933-B4E0-5298EA5DDB7E}.PreRelease|x64.ActiveCfg = PreRelease|x64
		{FFDC1809-F67B-4933-B4E0-5298EA5DDB7E}.PreRelease|x64.Build.0 = PreRelease|x64
		{FFDC1809-F67B-4933-B4E0-5298EA5DDB7E}.Profile|x64.ActiveCfg = Profile|x64
		{FFDC1809-F67B-4933-B4E0-5298EA5DDB7E}.Profile|x64.Build.0 = Profile|x64
		{FFDC1809-F67B-4933-B4E0-5298EA5DDB7E}.Release|x64.ActiveCfg = Release|x64
		{FFDC1809-F67B-4933-B4E0-5298EA5DDB7E}.Release|x64.Build.0 = Release|x64
		{8006A44D-1877-42EE-99A6-214E8B328AEE}.Debug|x64.ActiveCfg = Debug|x64
		{8006A44D-1877-42EE-99A6-214E8B328AEE}.Debug|x64.Build.0 = Debug|x64
		{8006A44D-1877-42EE-99A6-214E8B328AEE}.PreRelease|x64.ActiveCfg = PreRelease|x64
		{8006A44D-1877-42EE-99A6-214E8B328AEE}.PreRelease|x64.Build.0 = PreRelease|x64
		{8006A44D-1877-42EE-99A6-214E8B328AEE}.Profile|x64.ActiveCfg = Profile|x64
		{8006A44D-1877-42EE-99A6-214E8B328AEE}.Profile|x64.Build.0 = Profile|x64
		{8006A44D-1877-42EE-99A6-214E8B328AEE}.Release|x64.ActiveCfg = Release|x64
		{8006A44D-1877-42EE-99A6-214E8B328AEE}.Release|x64.Build.0 = Release|x64
		{03ACDDF1-56D2-49FF-8762-000EA6CB2C2F}.Debug|x64.ActiveCfg = Debug|x64
		{03ACDDF1-56D2-49FF-8762-000EA6CB2C2F}.Debug|x64.Build.0 = Debug|x64
		{03ACDDF1-56D2-49FF-8762-000EA6CB2C2F}.PreRelease|x64.ActiveCfg = PreRelease|x64
		{03ACDDF1-56D2-49FF-8762-000EA6CB2C2F}.PreRelease|x64.Build.0 = PreRelease|x64
		{03ACDDF1-56D2-49FF-8762-000EA6CB2C2F}.Profile|x64.ActiveCfg = Profile|x64
		{03ACDDF1-56D2-49FF-8762-000EA6CB2C2F}.Profile|x64.Build.0 = Profile|x64
		{03ACDDF1-56D2-49FF-8762-000EA6CB2C2F}.Release|x64.ActiveCfg = Release|x64
		{03ACDDF1-56D2-49FF-8762-000EA6CB2C2F}.Release|x64.Build.0 = Release|x64
		{457B1FC5-D180-4E45-848E-26E1C3743ADC}.Debug|x64.ActiveCfg = Debug|x64
		{457B1FC5-D180-4E45-848E-26E1C3743ADC}.Debug|x64.Build.0 = Debug|x64
		{457B1FC5-D180-4E45-848E-26E1C3743ADC}.PreRelease|x64.ActiveCfg = PreRelease|x64
		{457B1FC5-D180-4E45-848E-26E1C3743ADC}.PreRelease|x64.Build.0 = PreRelease|x64
		{457B1FC5-D180-4E45-848E-26E1C3743ADC}.Profile|x64.ActiveCfg = Profile|x64
		{457B1FC5-D180-4E45-848E-26E1C3743ADC}.Profile|x64.Build.0 = Profile|x64
		{457B1FC5-D180-4E45-848E-26E1C3743ADC}.Release|x64.ActiveCfg = Release|x64
		{457B1FC5-D180-4E45-848E-26E1C3743ADC}.Release|x64.Build.0 = Release|x64
		{F1547BA3-05CB-4166-93C8-9F161E1C75EB}.Debug|x64.ActiveCfg = Debug|x64
		{F1547BA3-05CB-4166-93C8-9F161E1C75EB}.Debug|x64.Build.0 = Debug|x64
		{F1547BA3-05CB-4166-93C8-9F161E1C75EB}.PreRelease|x64.ActiveCfg = PreRelease|x64
		{F1547BA3-05CB-4166-93C8-9F161E1C75EB}.PreRelease|x64.Build.0 = PreRelease|x64
		{F1547BA3-05CB-4166-93C8-9F161E1C75EB}.Profile|x64.ActiveCfg = Profile|x64
		{F1547BA3-05CB-4166-93C8-9F161E1C75EB}.Profile|x64.Build.0 = Profile|x64
		{F1547BA3-05CB-4166-93C8-9F161E1C75EB}.Release|x64.ActiveCfg = Release|x64
		{F1547BA3-05CB-4166-93C8-9F161E1C75EB}.Release|x64.Build.0 = Release|x64
	EndGlobalSection
	GlobalSection(SolutionProperties) = preSolution
		HideSolutionNode = FALSE
	EndGlobalSection
	GlobalSection(ExtensibilityGlobals) = postSolution
		SolutionGuid = {01ABB943-7451-4047-A4F9-36109CC966F3}
	EndGlobalSection
EndGlobal
