
Microsoft Visual Studio Solution File, Format Version 10.00
# Visual Studio 2008
Project("{8BC9CEB8-8B4A-11D0-8D11-00A0C91BC942}") = "pioneer-msvc-9.0", "pioneer-msvc-9.0.vcproj", "{70B3BAA3-AC1A-4872-9CA7-714A90FC4459}"
EndProject
Project("{8BC9CEB8-8B4A-11D0-8D11-00A0C91BC942}") = "modelviewer-msvc-9.0", "sbreviewer-msvc-9.0.vcproj", "{6AF5E04A-5CB2-4E96-8CA4-E95A144EE0BF}"
EndProject
Global
	GlobalSection(SolutionConfigurationPlatforms) = preSolution
		Debug|Win32 = Debug|Win32
		Release|Win32 = Release|Win32
	EndGlobalSection
	GlobalSection(ProjectConfigurationPlatforms) = postSolution
		{70B3BAA3-AC1A-4872-9CA7-714A90FC4459}.Debug|Win32.ActiveCfg = Debug|Win32
		{70B3BAA3-AC1A-4872-9CA7-714A90FC4459}.Debug|Win32.Build.0 = Debug|Win32
		{70B3BAA3-AC1A-4872-9CA7-714A90FC4459}.Release|Win32.ActiveCfg = Release|Win32
		{70B3BAA3-AC1A-4872-9CA7-714A90FC4459}.Release|Win32.Build.0 = Release|Win32
		{6AF5E04A-5CB2-4E96-8CA4-E95A144EE0BF}.Debug|Win32.ActiveCfg = Debug|Win32
		{6AF5E04A-5CB2-4E96-8CA4-E95A144EE0BF}.Debug|Win32.Build.0 = Debug|Win32
		{6AF5E04A-5CB2-4E96-8CA4-E95A144EE0BF}.Release|Win32.ActiveCfg = Release|Win32
		{6AF5E04A-5CB2-4E96-8CA4-E95A144EE0BF}.Release|Win32.Build.0 = Release|Win32
	EndGlobalSection
	GlobalSection(SolutionProperties) = preSolution
		HideSolutionNode = FALSE
	EndGlobalSection
EndGlobal
