<?xml version="1.0" encoding="utf-8"?>
<Project ToolsVersion="4.0" xmlns="http://schemas.microsoft.com/developer/msbuild/2003">
  <ItemGroup>
    <Filter Include="src">
      <UniqueIdentifier>{f7508fa4-ff23-48f9-a74c-e0ce2a8a8580}</UniqueIdentifier>
    </Filter>
    <Filter Include="src\lua">
      <UniqueIdentifier>{4f105936-0022-423f-ae16-ce375986f218}</UniqueIdentifier>
    </Filter>
    <Filter Include="src\oolua">
      <UniqueIdentifier>{fc0804a7-ba96-4984-bac1-9441a97e7635}</UniqueIdentifier>
    </Filter>
  </ItemGroup>
  <ItemGroup>
    <ClCompile Include="..\..\contrib\lua\lapi.c">
      <Filter>src\lua</Filter>
    </ClCompile>
    <ClCompile Include="..\..\contrib\lua\print.c">
      <Filter>src\lua</Filter>
    </ClCompile>
    <ClCompile Include="..\..\contrib\lua\lauxlib.c">
      <Filter>src\lua</Filter>
    </ClCompile>
    <ClCompile Include="..\..\contrib\lua\lbaselib.c">
      <Filter>src\lua</Filter>
    </ClCompile>
    <ClCompile Include="..\..\contrib\lua\lcode.c">
      <Filter>src\lua</Filter>
    </ClCompile>
    <ClCompile Include="..\..\contrib\lua\ldblib.c">
      <Filter>src\lua</Filter>
    </ClCompile>
    <ClCompile Include="..\..\contrib\lua\ldebug.c">
      <Filter>src\lua</Filter>
    </ClCompile>
    <ClCompile Include="..\..\contrib\lua\ldo.c">
      <Filter>src\lua</Filter>
    </ClCompile>
    <ClCompile Include="..\..\contrib\lua\ldump.c">
      <Filter>src\lua</Filter>
    </ClCompile>
    <ClCompile Include="..\..\contrib\lua\lfunc.c">
      <Filter>src\lua</Filter>
    </ClCompile>
    <ClCompile Include="..\..\contrib\lua\lgc.c">
      <Filter>src\lua</Filter>
    </ClCompile>
    <ClCompile Include="..\..\contrib\lua\linit.c">
      <Filter>src\lua</Filter>
    </ClCompile>
    <ClCompile Include="..\..\contrib\lua\liolib.c">
      <Filter>src\lua</Filter>
    </ClCompile>
    <ClCompile Include="..\..\contrib\lua\llex.c">
      <Filter>src\lua</Filter>
    </ClCompile>
    <ClCompile Include="..\..\contrib\lua\lmathlib.c">
      <Filter>src\lua</Filter>
    </ClCompile>
    <ClCompile Include="..\..\contrib\lua\lmem.c">
      <Filter>src\lua</Filter>
    </ClCompile>
    <ClCompile Include="..\..\contrib\lua\loadlib.c">
      <Filter>src\lua</Filter>
    </ClCompile>
    <ClCompile Include="..\..\contrib\lua\lobject.c">
      <Filter>src\lua</Filter>
    </ClCompile>
    <ClCompile Include="..\..\contrib\lua\lopcodes.c">
      <Filter>src\lua</Filter>
    </ClCompile>
    <ClCompile Include="..\..\contrib\lua\loslib.c">
      <Filter>src\lua</Filter>
    </ClCompile>
    <ClCompile Include="..\..\contrib\lua\lparser.c">
      <Filter>src\lua</Filter>
    </ClCompile>
    <ClCompile Include="..\..\contrib\lua\lstate.c">
      <Filter>src\lua</Filter>
    </ClCompile>
    <ClCompile Include="..\..\contrib\lua\lstring.c">
      <Filter>src\lua</Filter>
    </ClCompile>
    <ClCompile Include="..\..\contrib\lua\lstrlib.c">
      <Filter>src\lua</Filter>
    </ClCompile>
    <ClCompile Include="..\..\contrib\lua\ltable.c">
      <Filter>src\lua</Filter>
    </ClCompile>
    <ClCompile Include="..\..\contrib\lua\ltablib.c">
      <Filter>src\lua</Filter>
    </ClCompile>
    <ClCompile Include="..\..\contrib\lua\ltm.c">
      <Filter>src\lua</Filter>
    </ClCompile>
    <ClCompile Include="..\..\contrib\lua\lundump.c">
      <Filter>src\lua</Filter>
    </ClCompile>
    <ClCompile Include="..\..\contrib\lua\lvm.c">
      <Filter>src\lua</Filter>
    </ClCompile>
    <ClCompile Include="..\..\contrib\lua\lzio.c">
      <Filter>src\lua</Filter>
    </ClCompile>
    <ClCompile Include="..\..\contrib\oolua\class_from_stack.cpp">
      <Filter>src\oolua</Filter>
    </ClCompile>
    <ClCompile Include="..\..\contrib\oolua\lua_function.cpp">
      <Filter>src\oolua</Filter>
    </ClCompile>
    <ClCompile Include="..\..\contrib\oolua\lua_stack_dump.cpp">
      <Filter>src\oolua</Filter>
    </ClCompile>
    <ClCompile Include="..\..\contrib\oolua\lua_table.cpp">
      <Filter>src\oolua</Filter>
    </ClCompile>
    <ClCompile Include="..\..\contrib\oolua\oolua.cpp">
      <Filter>src\oolua</Filter>
    </ClCompile>
    <ClCompile Include="..\..\contrib\oolua\oolua_check_result.cpp">
      <Filter>src\oolua</Filter>
    </ClCompile>
    <ClCompile Include="..\..\contrib\oolua\oolua_error.cpp">
      <Filter>src\oolua</Filter>
    </ClCompile>
    <ClCompile Include="..\..\contrib\oolua\oolua_push_pull.cpp">
      <Filter>src\oolua</Filter>
    </ClCompile>
    <ClCompile Include="..\..\contrib\oolua\oolua_storage.cpp">
      <Filter>src\oolua</Filter>
    </ClCompile>
    <ClCompile Include="..\..\contrib\oolua\push_pointer_internal.cpp">
      <Filter>src\oolua</Filter>
    </ClCompile>
  </ItemGroup>
  <ItemGroup>
    <ClInclude Include="..\..\contrib\lua\lapi.h">
      <Filter>src\lua</Filter>
    </ClInclude>
    <ClInclude Include="..\..\contrib\lua\lauxlib.h">
      <Filter>src\lua</Filter>
    </ClInclude>
    <ClInclude Include="..\..\contrib\lua\lcode.h">
      <Filter>src\lua</Filter>
    </ClInclude>
    <ClInclude Include="..\..\contrib\lua\ldebug.h">
      <Filter>src\lua</Filter>
    </ClInclude>
    <ClInclude Include="..\..\contrib\lua\ldo.h">
      <Filter>src\lua</Filter>
    </ClInclude>
    <ClInclude Include="..\..\contrib\lua\lfunc.h">
      <Filter>src\lua</Filter>
    </ClInclude>
    <ClInclude Include="..\..\contrib\lua\lgc.h">
      <Filter>src\lua</Filter>
    </ClInclude>
    <ClInclude Include="..\..\contrib\lua\llex.h">
      <Filter>src\lua</Filter>
    </ClInclude>
    <ClInclude Include="..\..\contrib\lua\llimits.h">
      <Filter>src\lua</Filter>
    </ClInclude>
    <ClInclude Include="..\..\contrib\lua\lmem.h">
      <Filter>src\lua</Filter>
    </ClInclude>
    <ClInclude Include="..\..\contrib\lua\lobject.h">
      <Filter>src\lua</Filter>
    </ClInclude>
    <ClInclude Include="..\..\contrib\lua\lopcodes.h">
      <Filter>src\lua</Filter>
    </ClInclude>
    <ClInclude Include="..\..\contrib\lua\lparser.h">
      <Filter>src\lua</Filter>
    </ClInclude>
    <ClInclude Include="..\..\contrib\lua\lstate.h">
      <Filter>src\lua</Filter>
    </ClInclude>
    <ClInclude Include="..\..\contrib\lua\lstring.h">
      <Filter>src\lua</Filter>
    </ClInclude>
    <ClInclude Include="..\..\contrib\lua\ltable.h">
      <Filter>src\lua</Filter>
    </ClInclude>
    <ClInclude Include="..\..\contrib\lua\ltm.h">
      <Filter>src\lua</Filter>
    </ClInclude>
    <ClInclude Include="..\..\contrib\lua\lua.h">
      <Filter>src\lua</Filter>
    </ClInclude>
    <ClInclude Include="..\..\contrib\lua\luaconf.h">
      <Filter>src\lua</Filter>
    </ClInclude>
    <ClInclude Include="..\..\contrib\lua\lualib.h">
      <Filter>src\lua</Filter>
    </ClInclude>
    <ClInclude Include="..\..\contrib\lua\lundump.h">
      <Filter>src\lua</Filter>
    </ClInclude>
    <ClInclude Include="..\..\contrib\lua\lvm.h">
      <Filter>src\lua</Filter>
    </ClInclude>
    <ClInclude Include="..\..\contrib\lua\lzio.h">
      <Filter>src\lua</Filter>
    </ClInclude>
    <ClInclude Include="..\..\contrib\oolua\base_checker.h">
      <Filter>src\oolua</Filter>
    </ClInclude>
    <ClInclude Include="..\..\contrib\oolua\class_from_stack.h">
      <Filter>src\oolua</Filter>
    </ClInclude>
    <ClInclude Include="..\..\contrib\oolua\class_public_member.h">
      <Filter>src\oolua</Filter>
    </ClInclude>
    <ClInclude Include="..\..\contrib\oolua\cpp_constructor.h">
      <Filter>src\oolua</Filter>
    </ClInclude>
    <ClInclude Include="..\..\contrib\oolua\cpp_member_func.h">
      <Filter>src\oolua</Filter>
    </ClInclude>
    <ClInclude Include="..\..\contrib\oolua\determin_qualifier.h">
      <Filter>src\oolua</Filter>
    </ClInclude>
    <ClInclude Include="..\..\contrib\oolua\export_func_to_lua.h">
      <Filter>src\oolua</Filter>
    </ClInclude>
    <ClInclude Include="..\..\contrib\oolua\fwd_push_pull.h">
      <Filter>src\oolua</Filter>
    </ClInclude>
    <ClInclude Include="..\..\contrib\oolua\lua_function.h">
      <Filter>src\oolua</Filter>
    </ClInclude>
    <ClInclude Include="..\..\contrib\oolua\lua_includes.h">
      <Filter>src\oolua</Filter>
    </ClInclude>
    <ClInclude Include="..\..\contrib\oolua\lua_operator.h">
      <Filter>src\oolua</Filter>
    </ClInclude>
    <ClInclude Include="..\..\contrib\oolua\lua_ref.h">
      <Filter>src\oolua</Filter>
    </ClInclude>
    <ClInclude Include="..\..\contrib\oolua\lua_stack_dump.h">
      <Filter>src\oolua</Filter>
    </ClInclude>
    <ClInclude Include="..\..\contrib\oolua\lua_table.h">
      <Filter>src\oolua</Filter>
    </ClInclude>
    <ClInclude Include="..\..\contrib\oolua\lvd_types.h">
      <Filter>src\oolua</Filter>
    </ClInclude>
    <ClInclude Include="..\..\contrib\oolua\member_func_helper.h">
      <Filter>src\oolua</Filter>
    </ClInclude>
    <ClInclude Include="..\..\contrib\oolua\oolua.h">
      <Filter>src\oolua</Filter>
    </ClInclude>
    <ClInclude Include="..\..\contrib\oolua\oolua_c_func.h">
      <Filter>src\oolua</Filter>
    </ClInclude>
    <ClInclude Include="..\..\contrib\oolua\oolua_char_arrays.h">
      <Filter>src\oolua</Filter>
    </ClInclude>
    <ClInclude Include="..\..\contrib\oolua\oolua_check_result.h">
      <Filter>src\oolua</Filter>
    </ClInclude>
    <ClInclude Include="..\..\contrib\oolua\oolua_config.h">
      <Filter>src\oolua</Filter>
    </ClInclude>
    <ClInclude Include="..\..\contrib\oolua\oolua_error.h">
      <Filter>src\oolua</Filter>
    </ClInclude>
    <ClInclude Include="..\..\contrib\oolua\oolua_exception.h">
      <Filter>src\oolua</Filter>
    </ClInclude>
    <ClInclude Include="..\..\contrib\oolua\oolua_member_function.h">
      <Filter>src\oolua</Filter>
    </ClInclude>
    <ClInclude Include="..\..\contrib\oolua\oolua_paramater_macros.h">
      <Filter>src\oolua</Filter>
    </ClInclude>
    <ClInclude Include="..\..\contrib\oolua\oolua_parameter_helper.h">
      <Filter>src\oolua</Filter>
    </ClInclude>
    <ClInclude Include="..\..\contrib\oolua\oolua_push_pull.h">
      <Filter>src\oolua</Filter>
    </ClInclude>
    <ClInclude Include="..\..\contrib\oolua\oolua_registration.h">
      <Filter>src\oolua</Filter>
    </ClInclude>
    <ClInclude Include="..\..\contrib\oolua\oolua_storage.h">
      <Filter>src\oolua</Filter>
    </ClInclude>
    <ClInclude Include="..\..\contrib\oolua\oolua_typedefs.h">
      <Filter>src\oolua</Filter>
    </ClInclude>
    <ClInclude Include="..\..\contrib\oolua\oolua_userdata.h">
      <Filter>src\oolua</Filter>
    </ClInclude>
    <ClInclude Include="..\..\contrib\oolua\oolua_va_args.h">
      <Filter>src\oolua</Filter>
    </ClInclude>
    <ClInclude Include="..\..\contrib\oolua\oolua_version.h">
      <Filter>src\oolua</Filter>
    </ClInclude>
    <ClInclude Include="..\..\contrib\oolua\param_traits.h">
      <Filter>src\oolua</Filter>
    </ClInclude>
    <ClInclude Include="..\..\contrib\oolua\platform_check.h">
      <Filter>src\oolua</Filter>
    </ClInclude>
    <ClInclude Include="..\..\contrib\oolua\proxy_caller.h">
      <Filter>src\oolua</Filter>
    </ClInclude>
    <ClInclude Include="..\..\contrib\oolua\proxy_class.h">
      <Filter>src\oolua</Filter>
    </ClInclude>
    <ClInclude Include="..\..\contrib\oolua\push_pointer_internal.h">
      <Filter>src\oolua</Filter>
    </ClInclude>
    <ClInclude Include="..\..\contrib\oolua\type_list.h">
      <Filter>src\oolua</Filter>
    </ClInclude>
    <ClInclude Include="..\..\contrib\oolua\typelist_structs.h">
      <Filter>src\oolua</Filter>
    </ClInclude>
  </ItemGroup>
  <ItemGroup>
    <None Include="..\..\contrib\oolua\Makefile.am">
      <Filter>src\oolua</Filter>
    </None>
  </ItemGroup>
</Project>