<?xml version="1.0" encoding="utf-8"?>
<Project ToolsVersion="4.0" xmlns="http://schemas.microsoft.com/developer/msbuild/2003">
  <ItemGroup>
    <ClCompile Include="..\..\..\src\gui\Gui.cpp" />
    <ClCompile Include="..\..\..\src\gui\GuiBox.cpp" />
    <ClCompile Include="..\..\..\src\gui\GuiButton.cpp" />
    <ClCompile Include="..\..\..\src\gui\GuiContainer.cpp" />
    <ClCompile Include="..\..\..\src\gui\GuiFixed.cpp" />
    <ClCompile Include="..\..\..\src\gui\GuiGradient.cpp" />
    <ClCompile Include="..\..\..\src\gui\GuiImage.cpp" />
    <ClCompile Include="..\..\..\src\gui\GuiImageButton.cpp" />
    <ClCompile Include="..\..\..\src\gui\GuiImageRadioButton.cpp" />
    <ClCompile Include="..\..\..\src\gui\GuiLabel.cpp" />
    <ClCompile Include="..\..\..\src\gui\GuiLabelSet.cpp" />
    <ClCompile Include="..\..\..\src\gui\GuiMeterBar.cpp" />
    <ClCompile Include="..\..\..\src\gui\GuiMultiStateImageButton.cpp" />
    <ClCompile Include="..\..\..\src\gui\GuiRadioButton.cpp" />
    <ClCompile Include="..\..\..\src\gui\GuiRadioGroup.cpp" />
    <ClCompile Include="..\..\..\src\gui\GuiRepeaterButton.cpp" />
    <ClCompile Include="..\..\..\src\gui\GuiScreen.cpp" />
    <ClCompile Include="..\..\..\src\gui\GuiStack.cpp" />
    <ClCompile Include="..\..\..\src\gui\GuiTabbed.cpp" />
    <ClCompile Include="..\..\..\src\gui\GuiTextEntry.cpp" />
    <ClCompile Include="..\..\..\src\gui\GuiTextLayout.cpp" />
    <ClCompile Include="..\..\..\src\gui\GuiTexturedQuad.cpp" />
    <ClCompile Include="..\..\..\src\gui\GuiToggleButton.cpp" />
    <ClCompile Include="..\..\..\src\gui\GuiToolTip.cpp" />
    <ClCompile Include="..\..\..\src\gui\GuiVScrollBar.cpp" />
    <ClCompile Include="..\..\..\src\gui\GuiVScrollPortal.cpp" />
    <ClCompile Include="..\..\..\src\gui\GuiWidget.cpp" />
    <ClCompile Include="..\..\..\src\win32\pch.cpp">
      <Filter>win32</Filter>
    </ClCompile>
  </ItemGroup>
  <ItemGroup>
    <ClInclude Include="..\..\..\src\gui\Gui.h" />
    <ClInclude Include="..\..\..\src\gui\GuiAdjustment.h" />
    <ClInclude Include="..\..\..\src\gui\GuiBox.h" />
    <ClInclude Include="..\..\..\src\gui\GuiButton.h" />
    <ClInclude Include="..\..\..\src\gui\GuiContainer.h" />
    <ClInclude Include="..\..\..\src\gui\GuiEvents.h" />
    <ClInclude Include="..\..\..\src\gui\GuiFixed.h" />
    <ClInclude Include="..\..\..\src\gui\GuiGradient.h" />
    <ClInclude Include="..\..\..\src\gui\GuiImage.h" />
    <ClInclude Include="..\..\..\src\gui\GuiImageButton.h" />
    <ClInclude Include="..\..\..\src\gui\GuiImageRadioButton.h" />
    <ClInclude Include="..\..\..\src\gui\GuiISelectable.h" />
    <ClInclude Include="..\..\..\src\gui\GuiLabel.h" />
    <ClInclude Include="..\..\..\src\gui\GuiLabelSet.h" />
    <ClInclude Include="..\..\..\src\gui\GuiMeterBar.h" />
    <ClInclude Include="..\..\..\src\gui\GuiMultiStateImageButton.h" />
    <ClInclude Include="..\..\..\src\gui\GuiRadioButton.h" />
    <ClInclude Include="..\..\..\src\gui\GuiRadioGroup.h" />
    <ClInclude Include="..\..\..\src\gui\GuiRepeaterButton.h" />
    <ClInclude Include="..\..\..\src\gui\GuiScreen.h" />
    <ClInclude Include="..\..\..\src\gui\GuiStack.h" />
    <ClInclude Include="..\..\..\src\gui\GuiTabbed.h" />
    <ClInclude Include="..\..\..\src\gui\GuiTextEntry.h" />
    <ClInclude Include="..\..\..\src\gui\GuiTextLayout.h" />
    <ClInclude Include="..\..\..\src\gui\GuiTexturedQuad.h" />
    <ClInclude Include="..\..\..\src\gui\GuiToggleButton.h" />
    <ClInclude Include="..\..\..\src\gui\GuiToolTip.h" />
    <ClInclude Include="..\..\..\src\gui\GuiVScrollBar.h" />
    <ClInclude Include="..\..\..\src\gui\GuiVScrollPortal.h" />
    <ClInclude Include="..\..\..\src\gui\GuiWidget.h" />
    <ClInclude Include="..\..\..\src\win32\pch.h">
      <Filter>win32</Filter>
    </ClInclude>
  </ItemGroup>
  <ItemGroup>
    <Filter Include="win32">
      <UniqueIdentifier>{90190db7-7ea0-46c6-aed7-8d74ddafc1ef}</UniqueIdentifier>
    </Filter>
  </ItemGroup>
</Project>