<?xml version="1.0" encoding="utf-8"?>
<Project ToolsVersion="4.0" xmlns="http://schemas.microsoft.com/developer/msbuild/2003">
  <ItemGroup>
    <ClCompile Include="..\..\..\src\graphics\Drawables.cpp" />
    <ClCompile Include="..\..\..\src\graphics\Frustum.cpp" />
    <ClCompile Include="..\..\..\src\graphics\Graphics.cpp" />
    <ClCompile Include="..\..\..\src\graphics\Material.cpp" />
    <ClCompile Include="..\..\..\src\graphics\Renderer.cpp" />
    <ClCompile Include="..\..\..\src\graphics\RendererGL2.cpp" />
    <ClCompile Include="..\..\..\src\graphics\RendererLegacy.cpp" />
    <ClCompile Include="..\..\..\src\graphics\Shader.cpp" />
    <ClCompile Include="..\..\..\src\graphics\StaticMesh.cpp" />
    <ClCompile Include="..\..\..\src\graphics\TextureBuilder.cpp" />
    <ClCompile Include="..\..\..\src\graphics\TextureGL.cpp" />
    <ClCompile Include="..\..\..\src\graphics\VertexArray.cpp" />
    <ClCompile Include="..\..\..\src\win32\pch.cpp">
      <Filter>win32</Filter>
    </ClCompile>
    <ClCompile Include="..\..\..\src\win32\OSWin32.cpp">
      <Filter>win32</Filter>
    </ClCompile>
  </ItemGroup>
  <ItemGroup>
    <ClInclude Include="..\..\..\src\graphics\Drawables.h" />
    <ClInclude Include="..\..\..\src\graphics\Frustum.h" />
    <ClInclude Include="..\..\..\src\graphics\Graphics.h" />
    <ClInclude Include="..\..\..\src\graphics\Material.h" />
    <ClInclude Include="..\..\..\src\graphics\Renderer.h" />
    <ClInclude Include="..\..\..\src\graphics\RendererGL2.h" />
    <ClInclude Include="..\..\..\src\graphics\RendererGLBuffers.h" />
    <ClInclude Include="..\..\..\src\graphics\RendererLegacy.h" />
    <ClInclude Include="..\..\..\src\graphics\Shader.h" />
    <ClInclude Include="..\..\..\src\graphics\StaticMesh.h" />
    <ClInclude Include="..\..\..\src\graphics\Surface.h" />
    <ClInclude Include="..\..\..\src\graphics\Texture.h" />
    <ClInclude Include="..\..\..\src\graphics\TextureBuilder.h" />
    <ClInclude Include="..\..\..\src\graphics\TextureGL.h" />
    <ClInclude Include="..\..\..\src\graphics\VertexArray.h" />
    <ClInclude Include="..\..\..\src\win32\pch.h">
      <Filter>win32</Filter>
    </ClInclude>
  </ItemGroup>
  <ItemGroup>
    <Filter Include="win32">
      <UniqueIdentifier>{55c9590f-ea3e-46bd-9c15-b8304c3fbd2e}</UniqueIdentifier>
    </Filter>
  </ItemGroup>
</Project>