
Microsoft Visual Studio Solution File, Format Version 12.00
# Visual Studio Express 2013 for Windows Desktop
VisualStudioVersion = 12.0.30110.0
MinimumVisualStudioVersion = 10.0.40219.1
Project("{8BC9CEB8-8B4A-11D0-8D11-00A0C91BC942}") = "pioneer", "pioneer.vcxproj", "{65A1BBFB-7A42-497C-BF65-A0A06664A204}"
	ProjectSection(ProjectDependencies) = postProject
		{FFDC1809-F67B-4933-B4E0-5298EA5DDB7E} = {FFDC1809-F67B-4933-B4E0-5298EA5DDB7E}
		{82973C2C-FC40-4320-84AE-A47E36868C02} = {82973C2C-FC40-4320-84AE-A47E36868C02}
		{5085B12D-F9AC-4878-9672-1FD4EB0EFB67} = {5085B12D-F9AC-4878-9672-1FD4EB0EFB67}
		{026FC030-0192-4582-B1AF-F9AADF4D73AD} = {026FC030-0192-4582-B1AF-F9AADF4D73AD}
		{06E6CE3D-9163-453B-BF8D-3B9DECB5AB78} = {06E6CE3D-9163-453B-BF8D-3B9DECB5AB78}
		{A2082451-1B70-47C1-88E1-62A59EB13A44} = {A2082451-1B70-47C1-88E1-62A59EB13A44}
		{0E4AEA6E-8FBC-4C71-B41E-74B2E4B7A4C4} = {0E4AEA6E-8FBC-4C71-B41E-74B2E4B7A4C4}
		{38C0279B-EB3E-4113-8E3E-29AFC31C3C20} = {38C0279B-EB3E-4113-8E3E-29AFC31C3C20}
		{64F034A3-B40E-4D42-ADDD-E2EE42ED517F} = {64F034A3-B40E-4D42-ADDD-E2EE42ED517F}
		{DED0A0AD-E7B8-42EF-83DB-EDAE7E2443EE} = {DED0A0AD-E7B8-42EF-83DB-EDAE7E2443EE}
		{B19B00BA-F9DE-451F-9E16-C5E582DEEE77} = {B19B00BA-F9DE-451F-9E16-C5E582DEEE77}
		{E34F7DBC-F23D-481A-B920-E53F56C53EE8} = {E34F7DBC-F23D-481A-B920-E53F56C53EE8}
		{F604C1BC-C921-4468-8F09-427705AD9D29} = {F604C1BC-C921-4468-8F09-427705AD9D29}
		{03ACDDF1-56D2-49FF-8762-000EA6CB2C2F} = {03ACDDF1-56D2-49FF-8762-000EA6CB2C2F}
	EndProjectSection
EndProject
Project("{8BC9CEB8-8B4A-11D0-8D11-00A0C91BC942}") = "text", "text\text.vcxproj", "{06E6CE3D-9163-453B-BF8D-3B9DECB5AB78}"
EndProject
Project("{8BC9CEB8-8B4A-11D0-8D11-00A0C91BC942}") = "jenkins", "jenkins\jenkins.vcxproj", "{38C0279B-EB3E-4113-8E3E-29AFC31C3C20}"
EndProject
Project("{8BC9CEB8-8B4A-11D0-8D11-00A0C91BC942}") = "galaxy", "galaxy\galaxy.vcxproj", "{82973C2C-FC40-4320-84AE-A47E36868C02}"
EndProject
Project("{8BC9CEB8-8B4A-11D0-8D11-00A0C91BC942}") = "collider", "collider\collider.vcxproj", "{A2082451-1B70-47C1-88E1-62A59EB13A44}"
EndProject
Project("{8BC9CEB8-8B4A-11D0-8D11-00A0C91BC942}") = "graphics", "graphics\graphics.vcxproj", "{DED0A0AD-E7B8-42EF-83DB-EDAE7E2443EE}"
	ProjectSection(ProjectDependencies) = postProject
		{03ACDDF1-56D2-49FF-8762-000EA6CB2C2F} = {03ACDDF1-56D2-49FF-8762-000EA6CB2C2F}
	EndProjectSection
EndProject
Project("{8BC9CEB8-8B4A-11D0-8D11-00A0C91BC942}") = "terrain", "terrain\terrain.vcxproj", "{64F034A3-B40E-4D42-ADDD-E2EE42ED517F}"
EndProject
Project("{8BC9CEB8-8B4A-11D0-8D11-00A0C91BC942}") = "gui", "gui\gui.vcxproj", "{B19B00BA-F9DE-451F-9E16-C5E582DEEE77}"
EndProject
Project("{8BC9CEB8-8B4A-11D0-8D11-00A0C91BC942}") = "lua", "lua.vcxproj", "{5085B12D-F9AC-4878-9672-1FD4EB0EFB67}"
	ProjectSection(ProjectDependencies) = postProject
		{B19B00BA-F9DE-451F-9E16-C5E582DEEE77} = {B19B00BA-F9DE-451F-9E16-C5E582DEEE77}
	EndProjectSection
EndProject
Project("{8BC9CEB8-8B4A-11D0-8D11-00A0C91BC942}") = "ui", "ui\ui.vcxproj", "{F604C1BC-C921-4468-8F09-427705AD9D29}"
	ProjectSection(ProjectDependencies) = postProject
		{5085B12D-F9AC-4878-9672-1FD4EB0EFB67} = {5085B12D-F9AC-4878-9672-1FD4EB0EFB67}
	EndProjectSection
EndProject
Project("{8BC9CEB8-8B4A-11D0-8D11-00A0C91BC942}") = "gameui", "gameui\gameui.vcxproj", "{0E4AEA6E-8FBC-4C71-B41E-74B2E4B7A4C4}"
	ProjectSection(ProjectDependencies) = postProject
		{F604C1BC-C921-4468-8F09-427705AD9D29} = {F604C1BC-C921-4468-8F09-427705AD9D29}
	EndProjectSection
EndProject
Project("{8BC9CEB8-8B4A-11D0-8D11-00A0C91BC942}") = "scenegraph", "newmodel\newmodel.vcxproj", "{E34F7DBC-F23D-481A-B920-E53F56C53EE8}"
	ProjectSection(ProjectDependencies) = postProject
		{DED0A0AD-E7B8-42EF-83DB-EDAE7E2443EE} = {DED0A0AD-E7B8-42EF-83DB-EDAE7E2443EE}
	EndProjectSection
EndProject
Project("{8BC9CEB8-8B4A-11D0-8D11-00A0C91BC942}") = "json", "json\json.vcxproj", "{026FC030-0192-4582-B1AF-F9AADF4D73AD}"
EndProject
Project("{8BC9CEB8-8B4A-11D0-8D11-00A0C91BC942}") = "glew", "glew\glew.vcxproj", "{03ACDDF1-56D2-49FF-8762-000EA6CB2C2F}"
EndProject
Project("{8BC9CEB8-8B4A-11D0-8D11-00A0C91BC942}") = "profiler", "profiler\profiler.vcxproj", "{FFDC1809-F67B-4933-B4E0-5298EA5DDB7E}"
EndProject
Global
	GlobalSection(SolutionConfigurationPlatforms) = preSolution
		Debug|Win32 = Debug|Win32
		PreRelease|Win32 = PreRelease|Win32
		Profile|Win32 = Profile|Win32
		Release|Win32 = Release|Win32
	EndGlobalSection
	GlobalSection(ProjectConfigurationPlatforms) = postSolution
		{65A1BBFB-7A42-497C-BF65-A0A06664A204}.Debug|Win32.ActiveCfg = Debug|Win32
		{65A1BBFB-7A42-497C-BF65-A0A06664A204}.Debug|Win32.Build.0 = Debug|Win32
		{65A1BBFB-7A42-497C-BF65-A0A06664A204}.PreRelease|Win32.ActiveCfg = PreRelease|Win32
		{65A1BBFB-7A42-497C-BF65-A0A06664A204}.PreRelease|Win32.Build.0 = PreRelease|Win32
		{65A1BBFB-7A42-497C-BF65-A0A06664A204}.Profile|Win32.ActiveCfg = Profile|Win32
		{65A1BBFB-7A42-497C-BF65-A0A06664A204}.Profile|Win32.Build.0 = Profile|Win32
		{65A1BBFB-7A42-497C-BF65-A0A06664A204}.Release|Win32.ActiveCfg = Release|Win32
		{65A1BBFB-7A42-497C-BF65-A0A06664A204}.Release|Win32.Build.0 = Release|Win32
		{06E6CE3D-9163-453B-BF8D-3B9DECB5AB78}.Debug|Win32.ActiveCfg = Debug|Win32
		{06E6CE3D-9163-453B-BF8D-3B9DECB5AB78}.Debug|Win32.Build.0 = Debug|Win32
		{06E6CE3D-9163-453B-BF8D-3B9DECB5AB78}.PreRelease|Win32.ActiveCfg = PreRelease|Win32
		{06E6CE3D-9163-453B-BF8D-3B9DECB5AB78}.PreRelease|Win32.Build.0 = PreRelease|Win32
		{06E6CE3D-9163-453B-BF8D-3B9DECB5AB78}.Profile|Win32.ActiveCfg = Profile|Win32
		{06E6CE3D-9163-453B-BF8D-3B9DECB5AB78}.Profile|Win32.Build.0 = Profile|Win32
		{06E6CE3D-9163-453B-BF8D-3B9DECB5AB78}.Release|Win32.ActiveCfg = Release|Win32
		{06E6CE3D-9163-453B-BF8D-3B9DECB5AB78}.Release|Win32.Build.0 = Release|Win32
		{38C0279B-EB3E-4113-8E3E-29AFC31C3C20}.Debug|Win32.ActiveCfg = Debug|Win32
		{38C0279B-EB3E-4113-8E3E-29AFC31C3C20}.Debug|Win32.Build.0 = Debug|Win32
		{38C0279B-EB3E-4113-8E3E-29AFC31C3C20}.PreRelease|Win32.ActiveCfg = PreRelease|Win32
		{38C0279B-EB3E-4113-8E3E-29AFC31C3C20}.PreRelease|Win32.Build.0 = PreRelease|Win32
		{38C0279B-EB3E-4113-8E3E-29AFC31C3C20}.Profile|Win32.ActiveCfg = Profile|Win32
		{38C0279B-EB3E-4113-8E3E-29AFC31C3C20}.Profile|Win32.Build.0 = Profile|Win32
		{38C0279B-EB3E-4113-8E3E-29AFC31C3C20}.Release|Win32.ActiveCfg = Release|Win32
		{38C0279B-EB3E-4113-8E3E-29AFC31C3C20}.Release|Win32.Build.0 = Release|Win32
		{82973C2C-FC40-4320-84AE-A47E36868C02}.Debug|Win32.ActiveCfg = Debug|Win32
		{82973C2C-FC40-4320-84AE-A47E36868C02}.Debug|Win32.Build.0 = Debug|Win32
		{82973C2C-FC40-4320-84AE-A47E36868C02}.PreRelease|Win32.ActiveCfg = PreRelease|Win32
		{82973C2C-FC40-4320-84AE-A47E36868C02}.PreRelease|Win32.Build.0 = PreRelease|Win32
		{82973C2C-FC40-4320-84AE-A47E36868C02}.Profile|Win32.ActiveCfg = Profile|Win32
		{82973C2C-FC40-4320-84AE-A47E36868C02}.Profile|Win32.Build.0 = Profile|Win32
		{82973C2C-FC40-4320-84AE-A47E36868C02}.Release|Win32.ActiveCfg = Release|Win32
		{82973C2C-FC40-4320-84AE-A47E36868C02}.Release|Win32.Build.0 = Release|Win32
		{A2082451-1B70-47C1-88E1-62A59EB13A44}.Debug|Win32.ActiveCfg = Debug|Win32
		{A2082451-1B70-47C1-88E1-62A59EB13A44}.Debug|Win32.Build.0 = Debug|Win32
		{A2082451-1B70-47C1-88E1-62A59EB13A44}.PreRelease|Win32.ActiveCfg = PreRelease|Win32
		{A2082451-1B70-47C1-88E1-62A59EB13A44}.PreRelease|Win32.Build.0 = PreRelease|Win32
		{A2082451-1B70-47C1-88E1-62A59EB13A44}.Profile|Win32.ActiveCfg = Profile|Win32
		{A2082451-1B70-47C1-88E1-62A59EB13A44}.Profile|Win32.Build.0 = Profile|Win32
		{A2082451-1B70-47C1-88E1-62A59EB13A44}.Release|Win32.ActiveCfg = Release|Win32
		{A2082451-1B70-47C1-88E1-62A59EB13A44}.Release|Win32.Build.0 = Release|Win32
		{DED0A0AD-E7B8-42EF-83DB-EDAE7E2443EE}.Debug|Win32.ActiveCfg = Debug|Win32
		{DED0A0AD-E7B8-42EF-83DB-EDAE7E2443EE}.Debug|Win32.Build.0 = Debug|Win32
		{DED0A0AD-E7B8-42EF-83DB-EDAE7E2443EE}.PreRelease|Win32.ActiveCfg = PreRelease|Win32
		{DED0A0AD-E7B8-42EF-83DB-EDAE7E2443EE}.PreRelease|Win32.Build.0 = PreRelease|Win32
		{DED0A0AD-E7B8-42EF-83DB-EDAE7E2443EE}.Profile|Win32.ActiveCfg = Profile|Win32
		{DED0A0AD-E7B8-42EF-83DB-EDAE7E2443EE}.Profile|Win32.Build.0 = Profile|Win32
		{DED0A0AD-E7B8-42EF-83DB-EDAE7E2443EE}.Release|Win32.ActiveCfg = Release|Win32
		{DED0A0AD-E7B8-42EF-83DB-EDAE7E2443EE}.Release|Win32.Build.0 = Release|Win32
		{64F034A3-B40E-4D42-ADDD-E2EE42ED517F}.Debug|Win32.ActiveCfg = Debug|Win32
		{64F034A3-B40E-4D42-ADDD-E2EE42ED517F}.Debug|Win32.Build.0 = Debug|Win32
		{64F034A3-B40E-4D42-ADDD-E2EE42ED517F}.PreRelease|Win32.ActiveCfg = PreRelease|Win32
		{64F034A3-B40E-4D42-ADDD-E2EE42ED517F}.PreRelease|Win32.Build.0 = PreRelease|Win32
		{64F034A3-B40E-4D42-ADDD-E2EE42ED517F}.Profile|Win32.ActiveCfg = Profile|Win32
		{64F034A3-B40E-4D42-ADDD-E2EE42ED517F}.Profile|Win32.Build.0 = Profile|Win32
		{64F034A3-B40E-4D42-ADDD-E2EE42ED517F}.Release|Win32.ActiveCfg = Release|Win32
		{64F034A3-B40E-4D42-ADDD-E2EE42ED517F}.Release|Win32.Build.0 = Release|Win32
		{B19B00BA-F9DE-451F-9E16-C5E582DEEE77}.Debug|Win32.ActiveCfg = Debug|Win32
		{B19B00BA-F9DE-451F-9E16-C5E582DEEE77}.Debug|Win32.Build.0 = Debug|Win32
		{B19B00BA-F9DE-451F-9E16-C5E582DEEE77}.PreRelease|Win32.ActiveCfg = PreRelease|Win32
		{B19B00BA-F9DE-451F-9E16-C5E582DEEE77}.PreRelease|Win32.Build.0 = PreRelease|Win32
		{B19B00BA-F9DE-451F-9E16-C5E582DEEE77}.Profile|Win32.ActiveCfg = Profile|Win32
		{B19B00BA-F9DE-451F-9E16-C5E582DEEE77}.Profile|Win32.Build.0 = Profile|Win32
		{B19B00BA-F9DE-451F-9E16-C5E582DEEE77}.Release|Win32.ActiveCfg = Release|Win32
		{B19B00BA-F9DE-451F-9E16-C5E582DEEE77}.Release|Win32.Build.0 = Release|Win32
		{5085B12D-F9AC-4878-9672-1FD4EB0EFB67}.Debug|Win32.ActiveCfg = Debug|Win32
		{5085B12D-F9AC-4878-9672-1FD4EB0EFB67}.Debug|Win32.Build.0 = Debug|Win32
		{5085B12D-F9AC-4878-9672-1FD4EB0EFB67}.PreRelease|Win32.ActiveCfg = PreRelease|Win32
		{5085B12D-F9AC-4878-9672-1FD4EB0EFB67}.PreRelease|Win32.Build.0 = PreRelease|Win32
		{5085B12D-F9AC-4878-9672-1FD4EB0EFB67}.Profile|Win32.ActiveCfg = Profile|Win32
		{5085B12D-F9AC-4878-9672-1FD4EB0EFB67}.Profile|Win32.Build.0 = Profile|Win32
		{5085B12D-F9AC-4878-9672-1FD4EB0EFB67}.Release|Win32.ActiveCfg = Release|Win32
		{5085B12D-F9AC-4878-9672-1FD4EB0EFB67}.Release|Win32.Build.0 = Release|Win32
		{F604C1BC-C921-4468-8F09-427705AD9D29}.Debug|Win32.ActiveCfg = Debug|Win32
		{F604C1BC-C921-4468-8F09-427705AD9D29}.Debug|Win32.Build.0 = Debug|Win32
		{F604C1BC-C921-4468-8F09-427705AD9D29}.PreRelease|Win32.ActiveCfg = PreRelease|Win32
		{F604C1BC-C921-4468-8F09-427705AD9D29}.PreRelease|Win32.Build.0 = PreRelease|Win32
		{F604C1BC-C921-4468-8F09-427705AD9D29}.Profile|Win32.ActiveCfg = Profile|Win32
		{F604C1BC-C921-4468-8F09-427705AD9D29}.Profile|Win32.Build.0 = Profile|Win32
		{F604C1BC-C921-4468-8F09-427705AD9D29}.Release|Win32.ActiveCfg = Release|Win32
		{F604C1BC-C921-4468-8F09-427705AD9D29}.Release|Win32.Build.0 = Release|Win32
		{0E4AEA6E-8FBC-4C71-B41E-74B2E4B7A4C4}.Debug|Win32.ActiveCfg = Debug|Win32
		{0E4AEA6E-8FBC-4C71-B41E-74B2E4B7A4C4}.Debug|Win32.Build.0 = Debug|Win32
		{0E4AEA6E-8FBC-4C71-B41E-74B2E4B7A4C4}.PreRelease|Win32.ActiveCfg = PreRelease|Win32
		{0E4AEA6E-8FBC-4C71-B41E-74B2E4B7A4C4}.PreRelease|Win32.Build.0 = PreRelease|Win32
		{0E4AEA6E-8FBC-4C71-B41E-74B2E4B7A4C4}.Profile|Win32.ActiveCfg = Profile|Win32
		{0E4AEA6E-8FBC-4C71-B41E-74B2E4B7A4C4}.Profile|Win32.Build.0 = Profile|Win32
		{0E4AEA6E-8FBC-4C71-B41E-74B2E4B7A4C4}.Release|Win32.ActiveCfg = Release|Win32
		{0E4AEA6E-8FBC-4C71-B41E-74B2E4B7A4C4}.Release|Win32.Build.0 = Release|Win32
		{E34F7DBC-F23D-481A-B920-E53F56C53EE8}.Debug|Win32.ActiveCfg = Debug|Win32
		{E34F7DBC-F23D-481A-B920-E53F56C53EE8}.Debug|Win32.Build.0 = Debug|Win32
		{E34F7DBC-F23D-481A-B920-E53F56C53EE8}.PreRelease|Win32.ActiveCfg = PreRelease|Win32
		{E34F7DBC-F23D-481A-B920-E53F56C53EE8}.PreRelease|Win32.Build.0 = PreRelease|Win32
		{E34F7DBC-F23D-481A-B920-E53F56C53EE8}.Profile|Win32.ActiveCfg = Profile|Win32
		{E34F7DBC-F23D-481A-B920-E53F56C53EE8}.Profile|Win32.Build.0 = Profile|Win32
		{E34F7DBC-F23D-481A-B920-E53F56C53EE8}.Release|Win32.ActiveCfg = Release|Win32
		{E34F7DBC-F23D-481A-B920-E53F56C53EE8}.Release|Win32.Build.0 = Release|Win32
		{026FC030-0192-4582-B1AF-F9AADF4D73AD}.Debug|Win32.ActiveCfg = Debug|Win32
		{026FC030-0192-4582-B1AF-F9AADF4D73AD}.Debug|Win32.Build.0 = Debug|Win32
		{026FC030-0192-4582-B1AF-F9AADF4D73AD}.PreRelease|Win32.ActiveCfg = PreRelease|Win32
		{026FC030-0192-4582-B1AF-F9AADF4D73AD}.PreRelease|Win32.Build.0 = PreRelease|Win32
		{026FC030-0192-4582-B1AF-F9AADF4D73AD}.Profile|Win32.ActiveCfg = Profile|Win32
		{026FC030-0192-4582-B1AF-F9AADF4D73AD}.Profile|Win32.Build.0 = Profile|Win32
		{026FC030-0192-4582-B1AF-F9AADF4D73AD}.Release|Win32.ActiveCfg = Release|Win32
		{026FC030-0192-4582-B1AF-F9AADF4D73AD}.Release|Win32.Build.0 = Release|Win32
		{03ACDDF1-56D2-49FF-8762-000EA6CB2C2F}.Debug|Win32.ActiveCfg = Debug|Win32
		{03ACDDF1-56D2-49FF-8762-000EA6CB2C2F}.Debug|Win32.Build.0 = Debug|Win32
		{03ACDDF1-56D2-49FF-8762-000EA6CB2C2F}.PreRelease|Win32.ActiveCfg = PreRelease|Win32
		{03ACDDF1-56D2-49FF-8762-000EA6CB2C2F}.PreRelease|Win32.Build.0 = PreRelease|Win32
		{03ACDDF1-56D2-49FF-8762-000EA6CB2C2F}.Profile|Win32.ActiveCfg = Profile|Win32
		{03ACDDF1-56D2-49FF-8762-000EA6CB2C2F}.Profile|Win32.Build.0 = Profile|Win32
		{03ACDDF1-56D2-49FF-8762-000EA6CB2C2F}.Release|Win32.ActiveCfg = Release|Win32
		{03ACDDF1-56D2-49FF-8762-000EA6CB2C2F}.Release|Win32.Build.0 = Release|Win32
		{FFDC1809-F67B-4933-B4E0-5298EA5DDB7E}.Debug|Win32.ActiveCfg = Debug|Win32
		{FFDC1809-F67B-4933-B4E0-5298EA5DDB7E}.Debug|Win32.Build.0 = Debug|Win32
		{FFDC1809-F67B-4933-B4E0-5298EA5DDB7E}.PreRelease|Win32.ActiveCfg = PreRelease|Win32
		{FFDC1809-F67B-4933-B4E0-5298EA5DDB7E}.PreRelease|Win32.Build.0 = PreRelease|Win32
		{FFDC1809-F67B-4933-B4E0-5298EA5DDB7E}.Profile|Win32.ActiveCfg = Profile|Win32
		{FFDC1809-F67B-4933-B4E0-5298EA5DDB7E}.Profile|Win32.Build.0 = Profile|Win32
		{FFDC1809-F67B-4933-B4E0-5298EA5DDB7E}.Release|Win32.ActiveCfg = Release|Win32
		{FFDC1809-F67B-4933-B4E0-5298EA5DDB7E}.Release|Win32.Build.0 = Release|Win32
	EndGlobalSection
	GlobalSection(SolutionProperties) = preSolution
		HideSolutionNode = FALSE
	EndGlobalSection
EndGlobal
