<?xml version="1.0" encoding="utf-8"?>
<Project ToolsVersion="4.0" xmlns="http://schemas.microsoft.com/developer/msbuild/2003">
  <ItemGroup>
    <Filter Include="Profiler">
      <UniqueIdentifier>{25ae8c86-4134-4ef4-b780-b0b2f106ece0}</UniqueIdentifier>
    </Filter>
  </ItemGroup>
  <ItemGroup>
    <ClCompile Include="..\..\..\contrib\profiler\Profiler.cpp">
      <Filter>Profiler</Filter>
    </ClCompile>
  </ItemGroup>
  <ItemGroup>
    <ClInclude Include="..\..\..\contrib\profiler\Profiler.h">
      <Filter>Profiler</Filter>
    </ClInclude>
  </ItemGroup>
</Project>