<?xml version="1.0" encoding="utf-8"?>
<Project ToolsVersion="4.0" xmlns="http://schemas.microsoft.com/developer/msbuild/2003">
  <ItemGroup>
    <Filter Include="src">
      <UniqueIdentifier>{f7508fa4-ff23-48f9-a74c-e0ce2a8a8580}</UniqueIdentifier>
    </Filter>
  </ItemGroup>
  <ItemGroup>
    <ClCompile Include="..\..\contrib\lua\lapi.c">
      <Filter>src</Filter>
    </ClCompile>
    <ClCompile Include="..\..\contrib\lua\lauxlib.c">
      <Filter>src</Filter>
    </ClCompile>
    <ClCompile Include="..\..\contrib\lua\lbaselib.c">
      <Filter>src</Filter>
    </ClCompile>
    <ClCompile Include="..\..\contrib\lua\lbitlib.c">
      <Filter>src</Filter>
    </ClCompile>
    <ClCompile Include="..\..\contrib\lua\lcode.c">
      <Filter>src</Filter>
    </ClCompile>
    <ClCompile Include="..\..\contrib\lua\lcorolib.c">
      <Filter>src</Filter>
    </ClCompile>
    <ClCompile Include="..\..\contrib\lua\lctype.c">
      <Filter>src</Filter>
    </ClCompile>
    <ClCompile Include="..\..\contrib\lua\ldblib.c">
      <Filter>src</Filter>
    </ClCompile>
    <ClCompile Include="..\..\contrib\lua\ldebug.c">
      <Filter>src</Filter>
    </ClCompile>
    <ClCompile Include="..\..\contrib\lua\ldo.c">
      <Filter>src</Filter>
    </ClCompile>
    <ClCompile Include="..\..\contrib\lua\ldump.c">
      <Filter>src</Filter>
    </ClCompile>
    <ClCompile Include="..\..\contrib\lua\lfunc.c">
      <Filter>src</Filter>
    </ClCompile>
    <ClCompile Include="..\..\contrib\lua\lgc.c">
      <Filter>src</Filter>
    </ClCompile>
    <ClCompile Include="..\..\contrib\lua\linit.c">
      <Filter>src</Filter>
    </ClCompile>
    <ClCompile Include="..\..\contrib\lua\liolib.c">
      <Filter>src</Filter>
    </ClCompile>
    <ClCompile Include="..\..\contrib\lua\llex.c">
      <Filter>src</Filter>
    </ClCompile>
    <ClCompile Include="..\..\contrib\lua\lmathlib.c">
      <Filter>src</Filter>
    </ClCompile>
    <ClCompile Include="..\..\contrib\lua\lmem.c">
      <Filter>src</Filter>
    </ClCompile>
    <ClCompile Include="..\..\contrib\lua\loadlib.c">
      <Filter>src</Filter>
    </ClCompile>
    <ClCompile Include="..\..\contrib\lua\lobject.c">
      <Filter>src</Filter>
    </ClCompile>
    <ClCompile Include="..\..\contrib\lua\lopcodes.c">
      <Filter>src</Filter>
    </ClCompile>
    <ClCompile Include="..\..\contrib\lua\loslib.c">
      <Filter>src</Filter>
    </ClCompile>
    <ClCompile Include="..\..\contrib\lua\lparser.c">
      <Filter>src</Filter>
    </ClCompile>
    <ClCompile Include="..\..\contrib\lua\lstate.c">
      <Filter>src</Filter>
    </ClCompile>
    <ClCompile Include="..\..\contrib\lua\lstring.c">
      <Filter>src</Filter>
    </ClCompile>
    <ClCompile Include="..\..\contrib\lua\lstrlib.c">
      <Filter>src</Filter>
    </ClCompile>
    <ClCompile Include="..\..\contrib\lua\ltable.c">
      <Filter>src</Filter>
    </ClCompile>
    <ClCompile Include="..\..\contrib\lua\ltablib.c">
      <Filter>src</Filter>
    </ClCompile>
    <ClCompile Include="..\..\contrib\lua\ltm.c">
      <Filter>src</Filter>
    </ClCompile>
    <ClCompile Include="..\..\contrib\lua\lundump.c">
      <Filter>src</Filter>
    </ClCompile>
    <ClCompile Include="..\..\contrib\lua\lvm.c">
      <Filter>src</Filter>
    </ClCompile>
    <ClCompile Include="..\..\contrib\lua\lzio.c">
      <Filter>src</Filter>
    </ClCompile>
  </ItemGroup>
  <ItemGroup>
    <ClInclude Include="..\..\contrib\lua\lzio.h">
      <Filter>src</Filter>
    </ClInclude>
    <ClInclude Include="..\..\contrib\lua\lapi.h">
      <Filter>src</Filter>
    </ClInclude>
    <ClInclude Include="..\..\contrib\lua\lauxlib.h">
      <Filter>src</Filter>
    </ClInclude>
    <ClInclude Include="..\..\contrib\lua\lcode.h">
      <Filter>src</Filter>
    </ClInclude>
    <ClInclude Include="..\..\contrib\lua\lctype.h">
      <Filter>src</Filter>
    </ClInclude>
    <ClInclude Include="..\..\contrib\lua\ldebug.h">
      <Filter>src</Filter>
    </ClInclude>
    <ClInclude Include="..\..\contrib\lua\ldo.h">
      <Filter>src</Filter>
    </ClInclude>
    <ClInclude Include="..\..\contrib\lua\lfunc.h">
      <Filter>src</Filter>
    </ClInclude>
    <ClInclude Include="..\..\contrib\lua\lgc.h">
      <Filter>src</Filter>
    </ClInclude>
    <ClInclude Include="..\..\contrib\lua\llex.h">
      <Filter>src</Filter>
    </ClInclude>
    <ClInclude Include="..\..\contrib\lua\llimits.h">
      <Filter>src</Filter>
    </ClInclude>
    <ClInclude Include="..\..\contrib\lua\lmem.h">
      <Filter>src</Filter>
    </ClInclude>
    <ClInclude Include="..\..\contrib\lua\lobject.h">
      <Filter>src</Filter>
    </ClInclude>
    <ClInclude Include="..\..\contrib\lua\lopcodes.h">
      <Filter>src</Filter>
    </ClInclude>
    <ClInclude Include="..\..\contrib\lua\lparser.h">
      <Filter>src</Filter>
    </ClInclude>
    <ClInclude Include="..\..\contrib\lua\lstate.h">
      <Filter>src</Filter>
    </ClInclude>
    <ClInclude Include="..\..\contrib\lua\lstring.h">
      <Filter>src</Filter>
    </ClInclude>
    <ClInclude Include="..\..\contrib\lua\ltable.h">
      <Filter>src</Filter>
    </ClInclude>
    <ClInclude Include="..\..\contrib\lua\ltm.h">
      <Filter>src</Filter>
    </ClInclude>
    <ClInclude Include="..\..\contrib\lua\lua.h">
      <Filter>src</Filter>
    </ClInclude>
    <ClInclude Include="..\..\contrib\lua\lua.hpp">
      <Filter>src</Filter>
    </ClInclude>
    <ClInclude Include="..\..\contrib\lua\luaconf.h">
      <Filter>src</Filter>
    </ClInclude>
    <ClInclude Include="..\..\contrib\lua\lualib.h">
      <Filter>src</Filter>
    </ClInclude>
    <ClInclude Include="..\..\contrib\lua\lundump.h">
      <Filter>src</Filter>
    </ClInclude>
    <ClInclude Include="..\..\contrib\lua\lvm.h">
      <Filter>src</Filter>
    </ClInclude>
  </ItemGroup>
</Project>