<?xml version="1.0" encoding="utf-8"?>
<Project ToolsVersion="4.0" xmlns="http://schemas.microsoft.com/developer/msbuild/2003">
  <ItemGroup>
    <ClCompile Include="..\..\..\src\collider\BVHTree.cpp" />
    <ClCompile Include="..\..\..\src\collider\CollisionSpace.cpp" />
    <ClCompile Include="..\..\..\src\collider\Geom.cpp" />
    <ClCompile Include="..\..\..\src\collider\GeomTree.cpp" />
    <ClCompile Include="..\..\..\src\win32\pch.cpp">
      <Filter>win32</Filter>
    </ClCompile>
  </ItemGroup>
  <ItemGroup>
    <ClInclude Include="..\..\..\src\collider\BVHTree.h" />
    <ClInclude Include="..\..\..\src\collider\collider.h" />
    <ClInclude Include="..\..\..\src\collider\CollisionContact.h" />
    <ClInclude Include="..\..\..\src\collider\CollisionSpace.h" />
    <ClInclude Include="..\..\..\src\collider\Geom.h" />
    <ClInclude Include="..\..\..\src\collider\GeomTree.h" />
    <ClInclude Include="..\..\..\src\win32\pch.h">
      <Filter>win32</Filter>
    </ClInclude>
  </ItemGroup>
  <ItemGroup>
    <Filter Include="win32">
      <UniqueIdentifier>{908da54c-f27c-4e89-b17b-465611da621c}</UniqueIdentifier>
    </Filter>
  </ItemGroup>
</Project>